
Microsoft Visual Studio Solution File, Format Version 12.00
# Visual Studio 2012
Project("{8BC9CEB8-8B4A-11D0-8D11-00A0C91BC942}") = "Native.Fbx", "Native.Fbx\Native.Fbx.vcxproj", "{1131387F-6129-4287-A973-8B43DC9EFD49}"
EndProject
Project("{FAE04EC0-301F-11D3-BF4B-00C04F79EFBC}") = "Fusion", "Fusion\Fusion.csproj", "{085C9E62-CDDF-4B95-994D-085C74FA90FC}"
EndProject
Project("{FAE04EC0-301F-11D3-BF4B-00C04F79EFBC}") = "BEPUphysics", "SDKs\BEPUPhysics\BEPUphysics\BEPUphysics.csproj", "{C0D52C9F-14B8-4008-8DDC-109C27561A5C}"
EndProject
Project("{FAE04EC0-301F-11D3-BF4B-00C04F79EFBC}") = "BEPUutilities", "SDKs\BEPUPhysics\BEPUutilities\BEPUutilities.csproj", "{34853DEA-43A6-4F2F-A379-D1EE04D256D2}"
EndProject
Project("{2150E333-8FDC-42A3-9474-1A3956D46DE8}") = "FusionFramework", "FusionFramework", "{2222BAA4-08B2-43BF-B61D-6FF6453C7D73}"
EndProject
Project("{2150E333-8FDC-42A3-9474-1A3956D46DE8}") = "FusionSamples", "FusionSamples", "{53ABA7DF-B4AE-4E9B-A616-AB3BB439283E}"
EndProject
Project("{FAE04EC0-301F-11D3-BF4B-00C04F79EFBC}") = "Lidgren.Network", "SDKs\LidgrenNetwork\Lidgren.Network\Lidgren.Network.csproj", "{49BA1C69-6104-41AC-A5D8-B54FA9F696E8}"
EndProject
Project("{8BC9CEB8-8B4A-11D0-8D11-00A0C91BC942}") = "Native.Dds", "Native.Dds\Native.Dds.vcxproj", "{53AF2C09-5113-4051-98FB-BB8258E268BD}"
EndProject
Project("{8BC9CEB8-8B4A-11D0-8D11-00A0C91BC942}") = "Native.NvApi", "Native.NvApi\Native.NvApi.vcxproj", "{EA4B3AFD-02E3-4FA3-9E26-95390F34687F}"
EndProject
Project("{8BC9CEB8-8B4A-11D0-8D11-00A0C91BC942}") = "Native.Wic", "Native.Wic\Native.Wic.vcxproj", "{34D2AE22-EA1F-481E-B9F7-15AD914F4208}"
EndProject
Project("{FAE04EC0-301F-11D3-BF4B-00C04F79EFBC}") = "FBuild", "FBuild\FBuild.csproj", "{623DF95E-A99D-4B85-9CF8-2E09D68B8432}"
EndProject
Project("{FAE04EC0-301F-11D3-BF4B-00C04F79EFBC}") = "FScene", "FScene\FScene.csproj", "{7B821E07-9A65-4B9B-994E-90A795589EDB}"
EndProject
Project("{FAE04EC0-301F-11D3-BF4B-00C04F79EFBC}") = "Fusion.Build", "Fusion.Build\Fusion.Build.csproj", "{EBDD2FD0-EC00-45D9-B38B-C7E674016FAB}"
EndProject
Project("{FAE04EC0-301F-11D3-BF4B-00C04F79EFBC}") = "TestGame2", "Samples\TestGame2\TestGame2.csproj", "{D96959A0-C84A-4843-94CD-07371ACB752A}"
EndProject
Global
	GlobalSection(SolutionConfigurationPlatforms) = preSolution
		Debug|x64 = Debug|x64
		Release|x64 = Release|x64
	EndGlobalSection
	GlobalSection(ProjectConfigurationPlatforms) = postSolution
		{1131387F-6129-4287-A973-8B43DC9EFD49}.Debug|x64.ActiveCfg = Debug|x64
		{1131387F-6129-4287-A973-8B43DC9EFD49}.Debug|x64.Build.0 = Debug|x64
		{1131387F-6129-4287-A973-8B43DC9EFD49}.Release|x64.ActiveCfg = Release|x64
		{1131387F-6129-4287-A973-8B43DC9EFD49}.Release|x64.Build.0 = Release|x64
		{085C9E62-CDDF-4B95-994D-085C74FA90FC}.Debug|x64.ActiveCfg = Debug|x64
		{085C9E62-CDDF-4B95-994D-085C74FA90FC}.Debug|x64.Build.0 = Debug|x64
		{085C9E62-CDDF-4B95-994D-085C74FA90FC}.Release|x64.ActiveCfg = Release|x64
		{085C9E62-CDDF-4B95-994D-085C74FA90FC}.Release|x64.Build.0 = Release|x64
		{C0D52C9F-14B8-4008-8DDC-109C27561A5C}.Debug|x64.ActiveCfg = Debug|x64
		{C0D52C9F-14B8-4008-8DDC-109C27561A5C}.Debug|x64.Build.0 = Debug|x64
		{C0D52C9F-14B8-4008-8DDC-109C27561A5C}.Release|x64.ActiveCfg = Release|x64
		{C0D52C9F-14B8-4008-8DDC-109C27561A5C}.Release|x64.Build.0 = Release|x64
		{34853DEA-43A6-4F2F-A379-D1EE04D256D2}.Debug|x64.ActiveCfg = Debug|x64
		{34853DEA-43A6-4F2F-A379-D1EE04D256D2}.Debug|x64.Build.0 = Debug|x64
		{34853DEA-43A6-4F2F-A379-D1EE04D256D2}.Release|x64.ActiveCfg = Release|x64
		{34853DEA-43A6-4F2F-A379-D1EE04D256D2}.Release|x64.Build.0 = Release|x64
		{49BA1C69-6104-41AC-A5D8-B54FA9F696E8}.Debug|x64.ActiveCfg = Debug|x64
		{49BA1C69-6104-41AC-A5D8-B54FA9F696E8}.Debug|x64.Build.0 = Debug|x64
		{49BA1C69-6104-41AC-A5D8-B54FA9F696E8}.Release|x64.ActiveCfg = Release|x64
		{49BA1C69-6104-41AC-A5D8-B54FA9F696E8}.Release|x64.Build.0 = Release|x64
		{53AF2C09-5113-4051-98FB-BB8258E268BD}.Debug|x64.ActiveCfg = Debug|x64
		{53AF2C09-5113-4051-98FB-BB8258E268BD}.Debug|x64.Build.0 = Debug|x64
		{53AF2C09-5113-4051-98FB-BB8258E268BD}.Release|x64.ActiveCfg = Release|x64
		{53AF2C09-5113-4051-98FB-BB8258E268BD}.Release|x64.Build.0 = Release|x64
		{EA4B3AFD-02E3-4FA3-9E26-95390F34687F}.Debug|x64.ActiveCfg = Debug|x64
		{EA4B3AFD-02E3-4FA3-9E26-95390F34687F}.Debug|x64.Build.0 = Debug|x64
		{EA4B3AFD-02E3-4FA3-9E26-95390F34687F}.Release|x64.ActiveCfg = Release|x64
		{EA4B3AFD-02E3-4FA3-9E26-95390F34687F}.Release|x64.Build.0 = Release|x64
		{34D2AE22-EA1F-481E-B9F7-15AD914F4208}.Debug|x64.ActiveCfg = Debug|x64
		{34D2AE22-EA1F-481E-B9F7-15AD914F4208}.Debug|x64.Build.0 = Debug|x64
		{34D2AE22-EA1F-481E-B9F7-15AD914F4208}.Release|x64.ActiveCfg = Release|x64
		{34D2AE22-EA1F-481E-B9F7-15AD914F4208}.Release|x64.Build.0 = Release|x64
		{623DF95E-A99D-4B85-9CF8-2E09D68B8432}.Debug|x64.ActiveCfg = Debug|x64
		{623DF95E-A99D-4B85-9CF8-2E09D68B8432}.Debug|x64.Build.0 = Debug|x64
		{623DF95E-A99D-4B85-9CF8-2E09D68B8432}.Release|x64.ActiveCfg = Release|x64
		{623DF95E-A99D-4B85-9CF8-2E09D68B8432}.Release|x64.Build.0 = Release|x64
		{7B821E07-9A65-4B9B-994E-90A795589EDB}.Debug|x64.ActiveCfg = Debug|x64
		{7B821E07-9A65-4B9B-994E-90A795589EDB}.Debug|x64.Build.0 = Debug|x64
		{7B821E07-9A65-4B9B-994E-90A795589EDB}.Release|x64.ActiveCfg = Release|x64
		{7B821E07-9A65-4B9B-994E-90A795589EDB}.Release|x64.Build.0 = Release|x64
		{EBDD2FD0-EC00-45D9-B38B-C7E674016FAB}.Debug|x64.ActiveCfg = Debug|x64
		{EBDD2FD0-EC00-45D9-B38B-C7E674016FAB}.Debug|x64.Build.0 = Debug|x64
		{EBDD2FD0-EC00-45D9-B38B-C7E674016FAB}.Release|x64.ActiveCfg = Release|x64
		{EBDD2FD0-EC00-45D9-B38B-C7E674016FAB}.Release|x64.Build.0 = Release|x64
		{D96959A0-C84A-4843-94CD-07371ACB752A}.Debug|x64.ActiveCfg = Debug|x64
		{D96959A0-C84A-4843-94CD-07371ACB752A}.Debug|x64.Build.0 = Debug|x64
		{D96959A0-C84A-4843-94CD-07371ACB752A}.Release|x64.ActiveCfg = Release|x64
		{D96959A0-C84A-4843-94CD-07371ACB752A}.Release|x64.Build.0 = Release|x64
	EndGlobalSection
	GlobalSection(SolutionProperties) = preSolution
		HideSolutionNode = FALSE
	EndGlobalSection
	GlobalSection(NestedProjects) = preSolution
		{085C9E62-CDDF-4B95-994D-085C74FA90FC} = {2222BAA4-08B2-43BF-B61D-6FF6453C7D73}
		{C0D52C9F-14B8-4008-8DDC-109C27561A5C} = {2222BAA4-08B2-43BF-B61D-6FF6453C7D73}
		{34853DEA-43A6-4F2F-A379-D1EE04D256D2} = {2222BAA4-08B2-43BF-B61D-6FF6453C7D73}
		{1131387F-6129-4287-A973-8B43DC9EFD49} = {2222BAA4-08B2-43BF-B61D-6FF6453C7D73}
		{49BA1C69-6104-41AC-A5D8-B54FA9F696E8} = {2222BAA4-08B2-43BF-B61D-6FF6453C7D73}
		{53AF2C09-5113-4051-98FB-BB8258E268BD} = {2222BAA4-08B2-43BF-B61D-6FF6453C7D73}
		{EA4B3AFD-02E3-4FA3-9E26-95390F34687F} = {2222BAA4-08B2-43BF-B61D-6FF6453C7D73}
		{34D2AE22-EA1F-481E-B9F7-15AD914F4208} = {2222BAA4-08B2-43BF-B61D-6FF6453C7D73}
		{623DF95E-A99D-4B85-9CF8-2E09D68B8432} = {2222BAA4-08B2-43BF-B61D-6FF6453C7D73}
		{7B821E07-9A65-4B9B-994E-90A795589EDB} = {2222BAA4-08B2-43BF-B61D-6FF6453C7D73}
		{EBDD2FD0-EC00-45D9-B38B-C7E674016FAB} = {2222BAA4-08B2-43BF-B61D-6FF6453C7D73}
		{D96959A0-C84A-4843-94CD-07371ACB752A} = {53ABA7DF-B4AE-4E9B-A616-AB3BB439283E}
	EndGlobalSection
EndGlobal
