
Microsoft Visual Studio Solution File, Format Version 12.00
# Visual Studio 2012
Project("{8BC9CEB8-8B4A-11D0-8D11-00A0C91BC942}") = "FbxTool", "FbxTool\FbxTool.vcxproj", "{1131387F-6129-4287-A973-8B43DC9EFD49}"
EndProject
Project("{FAE04EC0-301F-11D3-BF4B-00C04F79EFBC}") = "Fusion", "Fusion\Fusion.csproj", "{085C9E62-CDDF-4B95-994D-085C74FA90FC}"
EndProject
Project("{FAE04EC0-301F-11D3-BF4B-00C04F79EFBC}") = "BEPUphysics", "Dependencies\BEPUPhysics\BEPUphysics\BEPUphysics.csproj", "{C0D52C9F-14B8-4008-8DDC-109C27561A5C}"
EndProject
Project("{FAE04EC0-301F-11D3-BF4B-00C04F79EFBC}") = "BEPUutilities", "Dependencies\BEPUPhysics\BEPUutilities\BEPUutilities.csproj", "{34853DEA-43A6-4F2F-A379-D1EE04D256D2}"
EndProject
Project("{8BC9CEB8-8B4A-11D0-8D11-00A0C91BC942}") = "NvApiWrapper", "Dependencies\NvApiWrapper\NvApiWrapper.vcxproj", "{EA4B3AFD-02E3-4FA3-9E26-95390F34687F}"
EndProject
Project("{2150E333-8FDC-42A3-9474-1A3956D46DE8}") = "FusionFramework", "FusionFramework", "{2222BAA4-08B2-43BF-B61D-6FF6453C7D73}"
EndProject
Project("{2150E333-8FDC-42A3-9474-1A3956D46DE8}") = "FusionSamples", "FusionSamples", "{53ABA7DF-B4AE-4E9B-A616-AB3BB439283E}"
EndProject
Project("{FAE04EC0-301F-11D3-BF4B-00C04F79EFBC}") = "QuadDemo", "FusionSamples\QuadDemo\QuadDemo.csproj", "{10ACDD8E-DD8F-4CCD-82F1-3BC78A70CE45}"
	ProjectSection(ProjectDependencies) = postProject
		{085C9E62-CDDF-4B95-994D-085C74FA90FC} = {085C9E62-CDDF-4B95-994D-085C74FA90FC}
		{49BA1C69-6104-41AC-A5D8-B54FA9F696E8} = {49BA1C69-6104-41AC-A5D8-B54FA9F696E8}
		{1131387F-6129-4287-A973-8B43DC9EFD49} = {1131387F-6129-4287-A973-8B43DC9EFD49}
		{C0D52C9F-14B8-4008-8DDC-109C27561A5C} = {C0D52C9F-14B8-4008-8DDC-109C27561A5C}
		{34853DEA-43A6-4F2F-A379-D1EE04D256D2} = {34853DEA-43A6-4F2F-A379-D1EE04D256D2}
		{EA4B3AFD-02E3-4FA3-9E26-95390F34687F} = {EA4B3AFD-02E3-4FA3-9E26-95390F34687F}
	EndProjectSection
EndProject
Project("{FAE04EC0-301F-11D3-BF4B-00C04F79EFBC}") = "InstancingDemo", "FusionSamples\InstancingDemo\InstancingDemo.csproj", "{7E8D0844-256B-4769-A6E3-BC57C8E1B9E5}"
	ProjectSection(ProjectDependencies) = postProject
		{085C9E62-CDDF-4B95-994D-085C74FA90FC} = {085C9E62-CDDF-4B95-994D-085C74FA90FC}
		{49BA1C69-6104-41AC-A5D8-B54FA9F696E8} = {49BA1C69-6104-41AC-A5D8-B54FA9F696E8}
		{1131387F-6129-4287-A973-8B43DC9EFD49} = {1131387F-6129-4287-A973-8B43DC9EFD49}
		{C0D52C9F-14B8-4008-8DDC-109C27561A5C} = {C0D52C9F-14B8-4008-8DDC-109C27561A5C}
		{34853DEA-43A6-4F2F-A379-D1EE04D256D2} = {34853DEA-43A6-4F2F-A379-D1EE04D256D2}
		{EA4B3AFD-02E3-4FA3-9E26-95390F34687F} = {EA4B3AFD-02E3-4FA3-9E26-95390F34687F}
	EndProjectSection
EndProject
Project("{FAE04EC0-301F-11D3-BF4B-00C04F79EFBC}") = "SpriteDemo", "FusionSamples\SpriteDemo\SpriteDemo.csproj", "{875285F7-3861-4417-BDBF-8AAD80775BB7}"
	ProjectSection(ProjectDependencies) = postProject
		{085C9E62-CDDF-4B95-994D-085C74FA90FC} = {085C9E62-CDDF-4B95-994D-085C74FA90FC}
		{49BA1C69-6104-41AC-A5D8-B54FA9F696E8} = {49BA1C69-6104-41AC-A5D8-B54FA9F696E8}
		{1131387F-6129-4287-A973-8B43DC9EFD49} = {1131387F-6129-4287-A973-8B43DC9EFD49}
		{C0D52C9F-14B8-4008-8DDC-109C27561A5C} = {C0D52C9F-14B8-4008-8DDC-109C27561A5C}
		{34853DEA-43A6-4F2F-A379-D1EE04D256D2} = {34853DEA-43A6-4F2F-A379-D1EE04D256D2}
		{EA4B3AFD-02E3-4FA3-9E26-95390F34687F} = {EA4B3AFD-02E3-4FA3-9E26-95390F34687F}
	EndProjectSection
EndProject
Project("{FAE04EC0-301F-11D3-BF4B-00C04F79EFBC}") = "InputDemo", "FusionSamples\InputDemo\InputDemo.csproj", "{F8AAEA8C-1CD1-467A-A6B6-F799F242A92B}"
	ProjectSection(ProjectDependencies) = postProject
		{085C9E62-CDDF-4B95-994D-085C74FA90FC} = {085C9E62-CDDF-4B95-994D-085C74FA90FC}
		{49BA1C69-6104-41AC-A5D8-B54FA9F696E8} = {49BA1C69-6104-41AC-A5D8-B54FA9F696E8}
		{1131387F-6129-4287-A973-8B43DC9EFD49} = {1131387F-6129-4287-A973-8B43DC9EFD49}
		{C0D52C9F-14B8-4008-8DDC-109C27561A5C} = {C0D52C9F-14B8-4008-8DDC-109C27561A5C}
		{34853DEA-43A6-4F2F-A379-D1EE04D256D2} = {34853DEA-43A6-4F2F-A379-D1EE04D256D2}
		{EA4B3AFD-02E3-4FA3-9E26-95390F34687F} = {EA4B3AFD-02E3-4FA3-9E26-95390F34687F}
	EndProjectSection
EndProject
Project("{FAE04EC0-301F-11D3-BF4B-00C04F79EFBC}") = "SoundDemo", "FusionSamples\SoundDemo\SoundDemo.csproj", "{1D36BA25-DD97-452E-AE1B-78D147397AC8}"
	ProjectSection(ProjectDependencies) = postProject
		{085C9E62-CDDF-4B95-994D-085C74FA90FC} = {085C9E62-CDDF-4B95-994D-085C74FA90FC}
		{49BA1C69-6104-41AC-A5D8-B54FA9F696E8} = {49BA1C69-6104-41AC-A5D8-B54FA9F696E8}
		{1131387F-6129-4287-A973-8B43DC9EFD49} = {1131387F-6129-4287-A973-8B43DC9EFD49}
		{C0D52C9F-14B8-4008-8DDC-109C27561A5C} = {C0D52C9F-14B8-4008-8DDC-109C27561A5C}
		{34853DEA-43A6-4F2F-A379-D1EE04D256D2} = {34853DEA-43A6-4F2F-A379-D1EE04D256D2}
		{EA4B3AFD-02E3-4FA3-9E26-95390F34687F} = {EA4B3AFD-02E3-4FA3-9E26-95390F34687F}
	EndProjectSection
EndProject
Project("{FAE04EC0-301F-11D3-BF4B-00C04F79EFBC}") = "DescriptorDemo", "FusionSamples\DescriptorDemo\DescriptorDemo.csproj", "{015702FB-52AA-40AB-8127-CD5A223F3A84}"
	ProjectSection(ProjectDependencies) = postProject
		{085C9E62-CDDF-4B95-994D-085C74FA90FC} = {085C9E62-CDDF-4B95-994D-085C74FA90FC}
		{49BA1C69-6104-41AC-A5D8-B54FA9F696E8} = {49BA1C69-6104-41AC-A5D8-B54FA9F696E8}
		{1131387F-6129-4287-A973-8B43DC9EFD49} = {1131387F-6129-4287-A973-8B43DC9EFD49}
		{C0D52C9F-14B8-4008-8DDC-109C27561A5C} = {C0D52C9F-14B8-4008-8DDC-109C27561A5C}
		{34853DEA-43A6-4F2F-A379-D1EE04D256D2} = {34853DEA-43A6-4F2F-A379-D1EE04D256D2}
		{EA4B3AFD-02E3-4FA3-9E26-95390F34687F} = {EA4B3AFD-02E3-4FA3-9E26-95390F34687F}
	EndProjectSection
EndProject
Project("{FAE04EC0-301F-11D3-BF4B-00C04F79EFBC}") = "SceneDemo", "FusionSamples\SceneDemo\SceneDemo.csproj", "{15C1D397-D459-45F1-B97B-4DDA606C1251}"
	ProjectSection(ProjectDependencies) = postProject
		{085C9E62-CDDF-4B95-994D-085C74FA90FC} = {085C9E62-CDDF-4B95-994D-085C74FA90FC}
		{49BA1C69-6104-41AC-A5D8-B54FA9F696E8} = {49BA1C69-6104-41AC-A5D8-B54FA9F696E8}
		{1131387F-6129-4287-A973-8B43DC9EFD49} = {1131387F-6129-4287-A973-8B43DC9EFD49}
		{C0D52C9F-14B8-4008-8DDC-109C27561A5C} = {C0D52C9F-14B8-4008-8DDC-109C27561A5C}
		{34853DEA-43A6-4F2F-A379-D1EE04D256D2} = {34853DEA-43A6-4F2F-A379-D1EE04D256D2}
		{EA4B3AFD-02E3-4FA3-9E26-95390F34687F} = {EA4B3AFD-02E3-4FA3-9E26-95390F34687F}
	EndProjectSection
EndProject
Project("{FAE04EC0-301F-11D3-BF4B-00C04F79EFBC}") = "ComputeDemo", "FusionSamples\ComputeDemo\ComputeDemo.csproj", "{EA0CB5B3-3F7E-43D0-87E5-FB8186D7F39D}"
	ProjectSection(ProjectDependencies) = postProject
		{085C9E62-CDDF-4B95-994D-085C74FA90FC} = {085C9E62-CDDF-4B95-994D-085C74FA90FC}
		{49BA1C69-6104-41AC-A5D8-B54FA9F696E8} = {49BA1C69-6104-41AC-A5D8-B54FA9F696E8}
		{1131387F-6129-4287-A973-8B43DC9EFD49} = {1131387F-6129-4287-A973-8B43DC9EFD49}
		{C0D52C9F-14B8-4008-8DDC-109C27561A5C} = {C0D52C9F-14B8-4008-8DDC-109C27561A5C}
		{34853DEA-43A6-4F2F-A379-D1EE04D256D2} = {34853DEA-43A6-4F2F-A379-D1EE04D256D2}
		{EA4B3AFD-02E3-4FA3-9E26-95390F34687F} = {EA4B3AFD-02E3-4FA3-9E26-95390F34687F}
	EndProjectSection
EndProject
Project("{FAE04EC0-301F-11D3-BF4B-00C04F79EFBC}") = "ParticleDemoCS", "FusionSamples\ParticleDemo\ParticleDemoCS.csproj", "{83E8CFA2-655D-42A5-93F0-EEC7A6BA21F6}"
	ProjectSection(ProjectDependencies) = postProject
		{085C9E62-CDDF-4B95-994D-085C74FA90FC} = {085C9E62-CDDF-4B95-994D-085C74FA90FC}
		{49BA1C69-6104-41AC-A5D8-B54FA9F696E8} = {49BA1C69-6104-41AC-A5D8-B54FA9F696E8}
		{1131387F-6129-4287-A973-8B43DC9EFD49} = {1131387F-6129-4287-A973-8B43DC9EFD49}
		{C0D52C9F-14B8-4008-8DDC-109C27561A5C} = {C0D52C9F-14B8-4008-8DDC-109C27561A5C}
		{34853DEA-43A6-4F2F-A379-D1EE04D256D2} = {34853DEA-43A6-4F2F-A379-D1EE04D256D2}
		{EA4B3AFD-02E3-4FA3-9E26-95390F34687F} = {EA4B3AFD-02E3-4FA3-9E26-95390F34687F}
	EndProjectSection
EndProject
Project("{FAE04EC0-301F-11D3-BF4B-00C04F79EFBC}") = "SubmarinesWars", "FusionSamples\Submarines\SubmarinesWars.csproj", "{1C1D2349-A235-455B-B1B0-C4D318FE3FAB}"
	ProjectSection(ProjectDependencies) = postProject
		{085C9E62-CDDF-4B95-994D-085C74FA90FC} = {085C9E62-CDDF-4B95-994D-085C74FA90FC}
		{49BA1C69-6104-41AC-A5D8-B54FA9F696E8} = {49BA1C69-6104-41AC-A5D8-B54FA9F696E8}
		{1131387F-6129-4287-A973-8B43DC9EFD49} = {1131387F-6129-4287-A973-8B43DC9EFD49}
		{C0D52C9F-14B8-4008-8DDC-109C27561A5C} = {C0D52C9F-14B8-4008-8DDC-109C27561A5C}
		{34853DEA-43A6-4F2F-A379-D1EE04D256D2} = {34853DEA-43A6-4F2F-A379-D1EE04D256D2}
		{EA4B3AFD-02E3-4FA3-9E26-95390F34687F} = {EA4B3AFD-02E3-4FA3-9E26-95390F34687F}
	EndProjectSection
EndProject
Project("{FAE04EC0-301F-11D3-BF4B-00C04F79EFBC}") = "DeferredDemo", "FusionSamples\DeferredDemo\DeferredDemo.csproj", "{4AB51138-3A32-439B-877E-C1C0DDA814DD}"
	ProjectSection(ProjectDependencies) = postProject
		{085C9E62-CDDF-4B95-994D-085C74FA90FC} = {085C9E62-CDDF-4B95-994D-085C74FA90FC}
		{49BA1C69-6104-41AC-A5D8-B54FA9F696E8} = {49BA1C69-6104-41AC-A5D8-B54FA9F696E8}
		{1131387F-6129-4287-A973-8B43DC9EFD49} = {1131387F-6129-4287-A973-8B43DC9EFD49}
		{C0D52C9F-14B8-4008-8DDC-109C27561A5C} = {C0D52C9F-14B8-4008-8DDC-109C27561A5C}
		{34853DEA-43A6-4F2F-A379-D1EE04D256D2} = {34853DEA-43A6-4F2F-A379-D1EE04D256D2}
		{EA4B3AFD-02E3-4FA3-9E26-95390F34687F} = {EA4B3AFD-02E3-4FA3-9E26-95390F34687F}
	EndProjectSection
EndProject
Project("{FAE04EC0-301F-11D3-BF4B-00C04F79EFBC}") = "AnimationDemo", "FusionSamples\AnimationDemo\AnimationDemo.csproj", "{B241CF4A-1C0E-45A2-8750-945975DA2DA8}"
	ProjectSection(ProjectDependencies) = postProject
		{085C9E62-CDDF-4B95-994D-085C74FA90FC} = {085C9E62-CDDF-4B95-994D-085C74FA90FC}
		{49BA1C69-6104-41AC-A5D8-B54FA9F696E8} = {49BA1C69-6104-41AC-A5D8-B54FA9F696E8}
		{1131387F-6129-4287-A973-8B43DC9EFD49} = {1131387F-6129-4287-A973-8B43DC9EFD49}
		{C0D52C9F-14B8-4008-8DDC-109C27561A5C} = {C0D52C9F-14B8-4008-8DDC-109C27561A5C}
		{34853DEA-43A6-4F2F-A379-D1EE04D256D2} = {34853DEA-43A6-4F2F-A379-D1EE04D256D2}
		{EA4B3AFD-02E3-4FA3-9E26-95390F34687F} = {EA4B3AFD-02E3-4FA3-9E26-95390F34687F}
	EndProjectSection
EndProject
Project("{FAE04EC0-301F-11D3-BF4B-00C04F79EFBC}") = "SkinningDemo", "FusionSamples\SkinningDemo\SkinningDemo.csproj", "{80653140-7BAB-4A50-AF19-8D11E8DA7375}"
	ProjectSection(ProjectDependencies) = postProject
		{085C9E62-CDDF-4B95-994D-085C74FA90FC} = {085C9E62-CDDF-4B95-994D-085C74FA90FC}
		{49BA1C69-6104-41AC-A5D8-B54FA9F696E8} = {49BA1C69-6104-41AC-A5D8-B54FA9F696E8}
		{1131387F-6129-4287-A973-8B43DC9EFD49} = {1131387F-6129-4287-A973-8B43DC9EFD49}
		{C0D52C9F-14B8-4008-8DDC-109C27561A5C} = {C0D52C9F-14B8-4008-8DDC-109C27561A5C}
		{34853DEA-43A6-4F2F-A379-D1EE04D256D2} = {34853DEA-43A6-4F2F-A379-D1EE04D256D2}
		{EA4B3AFD-02E3-4FA3-9E26-95390F34687F} = {EA4B3AFD-02E3-4FA3-9E26-95390F34687F}
	EndProjectSection
EndProject
Project("{FAE04EC0-301F-11D3-BF4B-00C04F79EFBC}") = "Lidgren.Network", "Dependencies\LidgrenNetwork\Lidgren.Network\Lidgren.Network.csproj", "{49BA1C69-6104-41AC-A5D8-B54FA9F696E8}"
	ProjectSection(ProjectDependencies) = postProject
		{085C9E62-CDDF-4B95-994D-085C74FA90FC} = {085C9E62-CDDF-4B95-994D-085C74FA90FC}
		{49BA1C69-6104-41AC-A5D8-B54FA9F696E8} = {49BA1C69-6104-41AC-A5D8-B54FA9F696E8}
		{1131387F-6129-4287-A973-8B43DC9EFD49} = {1131387F-6129-4287-A973-8B43DC9EFD49}
		{C0D52C9F-14B8-4008-8DDC-109C27561A5C} = {C0D52C9F-14B8-4008-8DDC-109C27561A5C}
		{34853DEA-43A6-4F2F-A379-D1EE04D256D2} = {34853DEA-43A6-4F2F-A379-D1EE04D256D2}
		{EA4B3AFD-02E3-4FA3-9E26-95390F34687F} = {EA4B3AFD-02E3-4FA3-9E26-95390F34687F}
	EndProjectSection
EndProject
Project("{FAE04EC0-301F-11D3-BF4B-00C04F79EFBC}") = "InstancingDemo2", "FusionSamples\InstancingDemo2\InstancingDemo2.csproj", "{D3314606-4F54-4122-B19A-A8639950F74C}"
	ProjectSection(ProjectDependencies) = postProject
		{085C9E62-CDDF-4B95-994D-085C74FA90FC} = {085C9E62-CDDF-4B95-994D-085C74FA90FC}
		{49BA1C69-6104-41AC-A5D8-B54FA9F696E8} = {49BA1C69-6104-41AC-A5D8-B54FA9F696E8}
		{1131387F-6129-4287-A973-8B43DC9EFD49} = {1131387F-6129-4287-A973-8B43DC9EFD49}
		{C0D52C9F-14B8-4008-8DDC-109C27561A5C} = {C0D52C9F-14B8-4008-8DDC-109C27561A5C}
		{34853DEA-43A6-4F2F-A379-D1EE04D256D2} = {34853DEA-43A6-4F2F-A379-D1EE04D256D2}
		{EA4B3AFD-02E3-4FA3-9E26-95390F34687F} = {EA4B3AFD-02E3-4FA3-9E26-95390F34687F}
	EndProjectSection
EndProject
Project("{FAE04EC0-301F-11D3-BF4B-00C04F79EFBC}") = "ParticleDemoGS", "FusionSamples\ParticleDemo2\ParticleDemoGS.csproj", "{D87A34DC-2473-405D-B741-DF3B166E64CD}"
	ProjectSection(ProjectDependencies) = postProject
		{085C9E62-CDDF-4B95-994D-085C74FA90FC} = {085C9E62-CDDF-4B95-994D-085C74FA90FC}
		{49BA1C69-6104-41AC-A5D8-B54FA9F696E8} = {49BA1C69-6104-41AC-A5D8-B54FA9F696E8}
		{1131387F-6129-4287-A973-8B43DC9EFD49} = {1131387F-6129-4287-A973-8B43DC9EFD49}
		{C0D52C9F-14B8-4008-8DDC-109C27561A5C} = {C0D52C9F-14B8-4008-8DDC-109C27561A5C}
		{34853DEA-43A6-4F2F-A379-D1EE04D256D2} = {34853DEA-43A6-4F2F-A379-D1EE04D256D2}
		{EA4B3AFD-02E3-4FA3-9E26-95390F34687F} = {EA4B3AFD-02E3-4FA3-9E26-95390F34687F}
	EndProjectSection
EndProject
Project("{FAE04EC0-301F-11D3-BF4B-00C04F79EFBC}") = "PhysicsDemo", "FusionSamples\PhysicsDemo\PhysicsDemo.csproj", "{40AEE258-9E06-414E-9215-13775AAA7FAA}"
	ProjectSection(ProjectDependencies) = postProject
		{085C9E62-CDDF-4B95-994D-085C74FA90FC} = {085C9E62-CDDF-4B95-994D-085C74FA90FC}
		{49BA1C69-6104-41AC-A5D8-B54FA9F696E8} = {49BA1C69-6104-41AC-A5D8-B54FA9F696E8}
		{1131387F-6129-4287-A973-8B43DC9EFD49} = {1131387F-6129-4287-A973-8B43DC9EFD49}
		{C0D52C9F-14B8-4008-8DDC-109C27561A5C} = {C0D52C9F-14B8-4008-8DDC-109C27561A5C}
		{34853DEA-43A6-4F2F-A379-D1EE04D256D2} = {34853DEA-43A6-4F2F-A379-D1EE04D256D2}
		{EA4B3AFD-02E3-4FA3-9E26-95390F34687F} = {EA4B3AFD-02E3-4FA3-9E26-95390F34687F}
	EndProjectSection
EndProject
Global
	GlobalSection(SolutionConfigurationPlatforms) = preSolution
		Debug|Any CPU = Debug|Any CPU
		Debug|Mixed Platforms = Debug|Mixed Platforms
		Debug|x64 = Debug|x64
		Release|Any CPU = Release|Any CPU
		Release|Mixed Platforms = Release|Mixed Platforms
		Release|x64 = Release|x64
	EndGlobalSection
	GlobalSection(ProjectConfigurationPlatforms) = postSolution
		{1131387F-6129-4287-A973-8B43DC9EFD49}.Debug|Any CPU.ActiveCfg = Debug|x64
		{1131387F-6129-4287-A973-8B43DC9EFD49}.Debug|Mixed Platforms.ActiveCfg = Debug|x64
		{1131387F-6129-4287-A973-8B43DC9EFD49}.Debug|Mixed Platforms.Build.0 = Debug|x64
		{1131387F-6129-4287-A973-8B43DC9EFD49}.Debug|x64.ActiveCfg = Debug|x64
		{1131387F-6129-4287-A973-8B43DC9EFD49}.Debug|x64.Build.0 = Debug|x64
		{1131387F-6129-4287-A973-8B43DC9EFD49}.Release|Any CPU.ActiveCfg = Release|x64
		{1131387F-6129-4287-A973-8B43DC9EFD49}.Release|Mixed Platforms.ActiveCfg = Release|x64
		{1131387F-6129-4287-A973-8B43DC9EFD49}.Release|Mixed Platforms.Build.0 = Release|x64
		{1131387F-6129-4287-A973-8B43DC9EFD49}.Release|x64.ActiveCfg = Release|x64
		{085C9E62-CDDF-4B95-994D-085C74FA90FC}.Debug|Any CPU.ActiveCfg = Debug|x64
		{085C9E62-CDDF-4B95-994D-085C74FA90FC}.Debug|Mixed Platforms.ActiveCfg = Debug|x64
		{085C9E62-CDDF-4B95-994D-085C74FA90FC}.Debug|Mixed Platforms.Build.0 = Debug|x64
		{085C9E62-CDDF-4B95-994D-085C74FA90FC}.Debug|x64.ActiveCfg = Debug|x64
		{085C9E62-CDDF-4B95-994D-085C74FA90FC}.Debug|x64.Build.0 = Debug|x64
		{085C9E62-CDDF-4B95-994D-085C74FA90FC}.Release|Any CPU.ActiveCfg = Release|x64
		{085C9E62-CDDF-4B95-994D-085C74FA90FC}.Release|Mixed Platforms.ActiveCfg = Release|x64
		{085C9E62-CDDF-4B95-994D-085C74FA90FC}.Release|Mixed Platforms.Build.0 = Release|x64
		{085C9E62-CDDF-4B95-994D-085C74FA90FC}.Release|x64.ActiveCfg = Release|x64
		{085C9E62-CDDF-4B95-994D-085C74FA90FC}.Release|x64.Build.0 = Release|x64
		{C0D52C9F-14B8-4008-8DDC-109C27561A5C}.Debug|Any CPU.ActiveCfg = Debug|Any CPU
		{C0D52C9F-14B8-4008-8DDC-109C27561A5C}.Debug|Any CPU.Build.0 = Debug|Any CPU
		{C0D52C9F-14B8-4008-8DDC-109C27561A5C}.Debug|Mixed Platforms.ActiveCfg = Debug|x86
		{C0D52C9F-14B8-4008-8DDC-109C27561A5C}.Debug|Mixed Platforms.Build.0 = Debug|x86
		{C0D52C9F-14B8-4008-8DDC-109C27561A5C}.Debug|x64.ActiveCfg = Debug|x64
		{C0D52C9F-14B8-4008-8DDC-109C27561A5C}.Debug|x64.Build.0 = Debug|x64
		{C0D52C9F-14B8-4008-8DDC-109C27561A5C}.Release|Any CPU.ActiveCfg = Release|Any CPU
		{C0D52C9F-14B8-4008-8DDC-109C27561A5C}.Release|Any CPU.Build.0 = Release|Any CPU
		{C0D52C9F-14B8-4008-8DDC-109C27561A5C}.Release|Mixed Platforms.ActiveCfg = Release|x86
		{C0D52C9F-14B8-4008-8DDC-109C27561A5C}.Release|Mixed Platforms.Build.0 = Release|x86
		{C0D52C9F-14B8-4008-8DDC-109C27561A5C}.Release|x64.ActiveCfg = Release|x64
		{C0D52C9F-14B8-4008-8DDC-109C27561A5C}.Release|x64.Build.0 = Release|x64
		{34853DEA-43A6-4F2F-A379-D1EE04D256D2}.Debug|Any CPU.ActiveCfg = Debug|Any CPU
		{34853DEA-43A6-4F2F-A379-D1EE04D256D2}.Debug|Any CPU.Build.0 = Debug|Any CPU
		{34853DEA-43A6-4F2F-A379-D1EE04D256D2}.Debug|Mixed Platforms.ActiveCfg = Debug|x86
		{34853DEA-43A6-4F2F-A379-D1EE04D256D2}.Debug|Mixed Platforms.Build.0 = Debug|x86
		{34853DEA-43A6-4F2F-A379-D1EE04D256D2}.Debug|x64.ActiveCfg = Debug|x64
		{34853DEA-43A6-4F2F-A379-D1EE04D256D2}.Debug|x64.Build.0 = Debug|x64
		{34853DEA-43A6-4F2F-A379-D1EE04D256D2}.Release|Any CPU.ActiveCfg = Release|Any CPU
		{34853DEA-43A6-4F2F-A379-D1EE04D256D2}.Release|Any CPU.Build.0 = Release|Any CPU
		{34853DEA-43A6-4F2F-A379-D1EE04D256D2}.Release|Mixed Platforms.ActiveCfg = Release|x86
		{34853DEA-43A6-4F2F-A379-D1EE04D256D2}.Release|Mixed Platforms.Build.0 = Release|x86
		{34853DEA-43A6-4F2F-A379-D1EE04D256D2}.Release|x64.ActiveCfg = Release|x64
		{34853DEA-43A6-4F2F-A379-D1EE04D256D2}.Release|x64.Build.0 = Release|x64
		{EA4B3AFD-02E3-4FA3-9E26-95390F34687F}.Debug|Any CPU.ActiveCfg = Debug|Win32
		{EA4B3AFD-02E3-4FA3-9E26-95390F34687F}.Debug|Mixed Platforms.ActiveCfg = Debug|Win32
		{EA4B3AFD-02E3-4FA3-9E26-95390F34687F}.Debug|Mixed Platforms.Build.0 = Debug|Win32
		{EA4B3AFD-02E3-4FA3-9E26-95390F34687F}.Debug|x64.ActiveCfg = Debug|x64
		{EA4B3AFD-02E3-4FA3-9E26-95390F34687F}.Debug|x64.Build.0 = Debug|x64
		{EA4B3AFD-02E3-4FA3-9E26-95390F34687F}.Release|Any CPU.ActiveCfg = Release|Win32
		{EA4B3AFD-02E3-4FA3-9E26-95390F34687F}.Release|Mixed Platforms.ActiveCfg = Release|Win32
		{EA4B3AFD-02E3-4FA3-9E26-95390F34687F}.Release|Mixed Platforms.Build.0 = Release|Win32
		{EA4B3AFD-02E3-4FA3-9E26-95390F34687F}.Release|x64.ActiveCfg = Release|x64
		{EA4B3AFD-02E3-4FA3-9E26-95390F34687F}.Release|x64.Build.0 = Release|x64
		{10ACDD8E-DD8F-4CCD-82F1-3BC78A70CE45}.Debug|Any CPU.ActiveCfg = Debug|x64
		{10ACDD8E-DD8F-4CCD-82F1-3BC78A70CE45}.Debug|Mixed Platforms.ActiveCfg = Debug|x64
		{10ACDD8E-DD8F-4CCD-82F1-3BC78A70CE45}.Debug|Mixed Platforms.Build.0 = Debug|x64
		{10ACDD8E-DD8F-4CCD-82F1-3BC78A70CE45}.Debug|x64.ActiveCfg = Debug|x64
		{10ACDD8E-DD8F-4CCD-82F1-3BC78A70CE45}.Debug|x64.Build.0 = Debug|x64
		{10ACDD8E-DD8F-4CCD-82F1-3BC78A70CE45}.Release|Any CPU.ActiveCfg = Release|x64
		{10ACDD8E-DD8F-4CCD-82F1-3BC78A70CE45}.Release|Mixed Platforms.ActiveCfg = Release|x64
		{10ACDD8E-DD8F-4CCD-82F1-3BC78A70CE45}.Release|Mixed Platforms.Build.0 = Release|x64
		{10ACDD8E-DD8F-4CCD-82F1-3BC78A70CE45}.Release|x64.ActiveCfg = Release|x64
		{10ACDD8E-DD8F-4CCD-82F1-3BC78A70CE45}.Release|x64.Build.0 = Release|x64
		{7E8D0844-256B-4769-A6E3-BC57C8E1B9E5}.Debug|Any CPU.ActiveCfg = Debug|x64
		{7E8D0844-256B-4769-A6E3-BC57C8E1B9E5}.Debug|Mixed Platforms.ActiveCfg = Debug|x64
		{7E8D0844-256B-4769-A6E3-BC57C8E1B9E5}.Debug|Mixed Platforms.Build.0 = Debug|x64
		{7E8D0844-256B-4769-A6E3-BC57C8E1B9E5}.Debug|x64.ActiveCfg = Debug|x64
		{7E8D0844-256B-4769-A6E3-BC57C8E1B9E5}.Debug|x64.Build.0 = Debug|x64
		{7E8D0844-256B-4769-A6E3-BC57C8E1B9E5}.Release|Any CPU.ActiveCfg = Release|x64
		{7E8D0844-256B-4769-A6E3-BC57C8E1B9E5}.Release|Mixed Platforms.ActiveCfg = Release|x64
		{7E8D0844-256B-4769-A6E3-BC57C8E1B9E5}.Release|Mixed Platforms.Build.0 = Release|x64
		{7E8D0844-256B-4769-A6E3-BC57C8E1B9E5}.Release|x64.ActiveCfg = Release|x64
		{7E8D0844-256B-4769-A6E3-BC57C8E1B9E5}.Release|x64.Build.0 = Release|x64
		{875285F7-3861-4417-BDBF-8AAD80775BB7}.Debug|Any CPU.ActiveCfg = Debug|x64
		{875285F7-3861-4417-BDBF-8AAD80775BB7}.Debug|Mixed Platforms.ActiveCfg = Debug|x64
		{875285F7-3861-4417-BDBF-8AAD80775BB7}.Debug|Mixed Platforms.Build.0 = Debug|x64
		{875285F7-3861-4417-BDBF-8AAD80775BB7}.Debug|x64.ActiveCfg = Debug|x64
		{875285F7-3861-4417-BDBF-8AAD80775BB7}.Debug|x64.Build.0 = Debug|x64
		{875285F7-3861-4417-BDBF-8AAD80775BB7}.Release|Any CPU.ActiveCfg = Release|x64
		{875285F7-3861-4417-BDBF-8AAD80775BB7}.Release|Mixed Platforms.ActiveCfg = Release|x64
		{875285F7-3861-4417-BDBF-8AAD80775BB7}.Release|Mixed Platforms.Build.0 = Release|x64
		{875285F7-3861-4417-BDBF-8AAD80775BB7}.Release|x64.ActiveCfg = Release|x64
		{875285F7-3861-4417-BDBF-8AAD80775BB7}.Release|x64.Build.0 = Release|x64
		{F8AAEA8C-1CD1-467A-A6B6-F799F242A92B}.Debug|Any CPU.ActiveCfg = Debug|x64
		{F8AAEA8C-1CD1-467A-A6B6-F799F242A92B}.Debug|Mixed Platforms.ActiveCfg = Debug|x64
		{F8AAEA8C-1CD1-467A-A6B6-F799F242A92B}.Debug|Mixed Platforms.Build.0 = Debug|x64
		{F8AAEA8C-1CD1-467A-A6B6-F799F242A92B}.Debug|x64.ActiveCfg = Debug|x64
		{F8AAEA8C-1CD1-467A-A6B6-F799F242A92B}.Debug|x64.Build.0 = Debug|x64
		{F8AAEA8C-1CD1-467A-A6B6-F799F242A92B}.Release|Any CPU.ActiveCfg = Release|x64
		{F8AAEA8C-1CD1-467A-A6B6-F799F242A92B}.Release|Mixed Platforms.ActiveCfg = Release|x64
		{F8AAEA8C-1CD1-467A-A6B6-F799F242A92B}.Release|Mixed Platforms.Build.0 = Release|x64
		{F8AAEA8C-1CD1-467A-A6B6-F799F242A92B}.Release|x64.ActiveCfg = Release|x64
		{F8AAEA8C-1CD1-467A-A6B6-F799F242A92B}.Release|x64.Build.0 = Release|x64
		{1D36BA25-DD97-452E-AE1B-78D147397AC8}.Debug|Any CPU.ActiveCfg = Debug|x64
		{1D36BA25-DD97-452E-AE1B-78D147397AC8}.Debug|Mixed Platforms.ActiveCfg = Debug|x64
		{1D36BA25-DD97-452E-AE1B-78D147397AC8}.Debug|Mixed Platforms.Build.0 = Debug|x64
		{1D36BA25-DD97-452E-AE1B-78D147397AC8}.Debug|x64.ActiveCfg = Debug|x64
		{1D36BA25-DD97-452E-AE1B-78D147397AC8}.Debug|x64.Build.0 = Debug|x64
		{1D36BA25-DD97-452E-AE1B-78D147397AC8}.Release|Any CPU.ActiveCfg = Release|x64
		{1D36BA25-DD97-452E-AE1B-78D147397AC8}.Release|Mixed Platforms.ActiveCfg = Release|x64
		{1D36BA25-DD97-452E-AE1B-78D147397AC8}.Release|Mixed Platforms.Build.0 = Release|x64
		{1D36BA25-DD97-452E-AE1B-78D147397AC8}.Release|x64.ActiveCfg = Release|x64
		{1D36BA25-DD97-452E-AE1B-78D147397AC8}.Release|x64.Build.0 = Release|x64
		{015702FB-52AA-40AB-8127-CD5A223F3A84}.Debug|Any CPU.ActiveCfg = Debug|x64
		{015702FB-52AA-40AB-8127-CD5A223F3A84}.Debug|Mixed Platforms.ActiveCfg = Debug|x64
		{015702FB-52AA-40AB-8127-CD5A223F3A84}.Debug|Mixed Platforms.Build.0 = Debug|x64
		{015702FB-52AA-40AB-8127-CD5A223F3A84}.Debug|x64.ActiveCfg = Debug|x64
		{015702FB-52AA-40AB-8127-CD5A223F3A84}.Debug|x64.Build.0 = Debug|x64
		{015702FB-52AA-40AB-8127-CD5A223F3A84}.Release|Any CPU.ActiveCfg = Release|x64
		{015702FB-52AA-40AB-8127-CD5A223F3A84}.Release|Mixed Platforms.ActiveCfg = Release|x64
		{015702FB-52AA-40AB-8127-CD5A223F3A84}.Release|Mixed Platforms.Build.0 = Release|x64
		{015702FB-52AA-40AB-8127-CD5A223F3A84}.Release|x64.ActiveCfg = Release|x64
		{015702FB-52AA-40AB-8127-CD5A223F3A84}.Release|x64.Build.0 = Release|x64
		{15C1D397-D459-45F1-B97B-4DDA606C1251}.Debug|Any CPU.ActiveCfg = Debug|x64
		{15C1D397-D459-45F1-B97B-4DDA606C1251}.Debug|Mixed Platforms.ActiveCfg = Debug|x64
		{15C1D397-D459-45F1-B97B-4DDA606C1251}.Debug|Mixed Platforms.Build.0 = Debug|x64
		{15C1D397-D459-45F1-B97B-4DDA606C1251}.Debug|x64.ActiveCfg = Debug|x64
		{15C1D397-D459-45F1-B97B-4DDA606C1251}.Debug|x64.Build.0 = Debug|x64
		{15C1D397-D459-45F1-B97B-4DDA606C1251}.Release|Any CPU.ActiveCfg = Release|x64
		{15C1D397-D459-45F1-B97B-4DDA606C1251}.Release|Mixed Platforms.ActiveCfg = Release|x64
		{15C1D397-D459-45F1-B97B-4DDA606C1251}.Release|Mixed Platforms.Build.0 = Release|x64
		{15C1D397-D459-45F1-B97B-4DDA606C1251}.Release|x64.ActiveCfg = Release|x64
		{15C1D397-D459-45F1-B97B-4DDA606C1251}.Release|x64.Build.0 = Release|x64
		{EA0CB5B3-3F7E-43D0-87E5-FB8186D7F39D}.Debug|Any CPU.ActiveCfg = Debug|x64
		{EA0CB5B3-3F7E-43D0-87E5-FB8186D7F39D}.Debug|Mixed Platforms.ActiveCfg = Debug|x64
		{EA0CB5B3-3F7E-43D0-87E5-FB8186D7F39D}.Debug|Mixed Platforms.Build.0 = Debug|x64
		{EA0CB5B3-3F7E-43D0-87E5-FB8186D7F39D}.Debug|x64.ActiveCfg = Debug|x64
		{EA0CB5B3-3F7E-43D0-87E5-FB8186D7F39D}.Debug|x64.Build.0 = Debug|x64
		{EA0CB5B3-3F7E-43D0-87E5-FB8186D7F39D}.Release|Any CPU.ActiveCfg = Release|x64
		{EA0CB5B3-3F7E-43D0-87E5-FB8186D7F39D}.Release|Mixed Platforms.ActiveCfg = Release|x64
		{EA0CB5B3-3F7E-43D0-87E5-FB8186D7F39D}.Release|Mixed Platforms.Build.0 = Release|x64
		{EA0CB5B3-3F7E-43D0-87E5-FB8186D7F39D}.Release|x64.ActiveCfg = Release|x64
		{EA0CB5B3-3F7E-43D0-87E5-FB8186D7F39D}.Release|x64.Build.0 = Release|x64
		{83E8CFA2-655D-42A5-93F0-EEC7A6BA21F6}.Debug|Any CPU.ActiveCfg = Debug|x64
		{83E8CFA2-655D-42A5-93F0-EEC7A6BA21F6}.Debug|Mixed Platforms.ActiveCfg = Debug|x64
		{83E8CFA2-655D-42A5-93F0-EEC7A6BA21F6}.Debug|Mixed Platforms.Build.0 = Debug|x64
		{83E8CFA2-655D-42A5-93F0-EEC7A6BA21F6}.Debug|x64.ActiveCfg = Debug|x64
		{83E8CFA2-655D-42A5-93F0-EEC7A6BA21F6}.Debug|x64.Build.0 = Debug|x64
		{83E8CFA2-655D-42A5-93F0-EEC7A6BA21F6}.Release|Any CPU.ActiveCfg = Release|x64
		{83E8CFA2-655D-42A5-93F0-EEC7A6BA21F6}.Release|Mixed Platforms.ActiveCfg = Release|x64
		{83E8CFA2-655D-42A5-93F0-EEC7A6BA21F6}.Release|Mixed Platforms.Build.0 = Release|x64
		{83E8CFA2-655D-42A5-93F0-EEC7A6BA21F6}.Release|x64.ActiveCfg = Release|x64
		{83E8CFA2-655D-42A5-93F0-EEC7A6BA21F6}.Release|x64.Build.0 = Release|x64
		{1C1D2349-A235-455B-B1B0-C4D318FE3FAB}.Debug|Any CPU.ActiveCfg = Debug|x64
		{1C1D2349-A235-455B-B1B0-C4D318FE3FAB}.Debug|Mixed Platforms.ActiveCfg = Debug|x64
		{1C1D2349-A235-455B-B1B0-C4D318FE3FAB}.Debug|Mixed Platforms.Build.0 = Debug|x64
		{1C1D2349-A235-455B-B1B0-C4D318FE3FAB}.Debug|x64.ActiveCfg = Debug|x64
		{1C1D2349-A235-455B-B1B0-C4D318FE3FAB}.Debug|x64.Build.0 = Debug|x64
		{1C1D2349-A235-455B-B1B0-C4D318FE3FAB}.Release|Any CPU.ActiveCfg = Release|x64
		{1C1D2349-A235-455B-B1B0-C4D318FE3FAB}.Release|Mixed Platforms.ActiveCfg = Release|x64
		{1C1D2349-A235-455B-B1B0-C4D318FE3FAB}.Release|Mixed Platforms.Build.0 = Release|x64
		{1C1D2349-A235-455B-B1B0-C4D318FE3FAB}.Release|x64.ActiveCfg = Release|x64
		{1C1D2349-A235-455B-B1B0-C4D318FE3FAB}.Release|x64.Build.0 = Release|x64
		{4AB51138-3A32-439B-877E-C1C0DDA814DD}.Debug|Any CPU.ActiveCfg = Debug|x64
		{4AB51138-3A32-439B-877E-C1C0DDA814DD}.Debug|Mixed Platforms.ActiveCfg = Debug|x64
		{4AB51138-3A32-439B-877E-C1C0DDA814DD}.Debug|Mixed Platforms.Build.0 = Debug|x64
		{4AB51138-3A32-439B-877E-C1C0DDA814DD}.Debug|x64.ActiveCfg = Debug|x64
		{4AB51138-3A32-439B-877E-C1C0DDA814DD}.Debug|x64.Build.0 = Debug|x64
		{4AB51138-3A32-439B-877E-C1C0DDA814DD}.Release|Any CPU.ActiveCfg = Release|x64
		{4AB51138-3A32-439B-877E-C1C0DDA814DD}.Release|Mixed Platforms.ActiveCfg = Release|x64
		{4AB51138-3A32-439B-877E-C1C0DDA814DD}.Release|Mixed Platforms.Build.0 = Release|x64
		{4AB51138-3A32-439B-877E-C1C0DDA814DD}.Release|x64.ActiveCfg = Release|x64
		{4AB51138-3A32-439B-877E-C1C0DDA814DD}.Release|x64.Build.0 = Release|x64
		{B241CF4A-1C0E-45A2-8750-945975DA2DA8}.Debug|Any CPU.ActiveCfg = Debug|x64
		{B241CF4A-1C0E-45A2-8750-945975DA2DA8}.Debug|Mixed Platforms.ActiveCfg = Debug|x64
		{B241CF4A-1C0E-45A2-8750-945975DA2DA8}.Debug|Mixed Platforms.Build.0 = Debug|x64
		{B241CF4A-1C0E-45A2-8750-945975DA2DA8}.Debug|x64.ActiveCfg = Debug|x64
		{B241CF4A-1C0E-45A2-8750-945975DA2DA8}.Debug|x64.Build.0 = Debug|x64
		{B241CF4A-1C0E-45A2-8750-945975DA2DA8}.Release|Any CPU.ActiveCfg = Release|x64
		{B241CF4A-1C0E-45A2-8750-945975DA2DA8}.Release|Mixed Platforms.ActiveCfg = Release|x64
		{B241CF4A-1C0E-45A2-8750-945975DA2DA8}.Release|Mixed Platforms.Build.0 = Release|x64
		{B241CF4A-1C0E-45A2-8750-945975DA2DA8}.Release|x64.ActiveCfg = Release|x64
		{B241CF4A-1C0E-45A2-8750-945975DA2DA8}.Release|x64.Build.0 = Release|x64
		{80653140-7BAB-4A50-AF19-8D11E8DA7375}.Debug|Any CPU.ActiveCfg = Debug|x64
		{80653140-7BAB-4A50-AF19-8D11E8DA7375}.Debug|Mixed Platforms.ActiveCfg = Debug|x64
		{80653140-7BAB-4A50-AF19-8D11E8DA7375}.Debug|Mixed Platforms.Build.0 = Debug|x64
		{80653140-7BAB-4A50-AF19-8D11E8DA7375}.Debug|x64.ActiveCfg = Debug|x64
		{80653140-7BAB-4A50-AF19-8D11E8DA7375}.Debug|x64.Build.0 = Debug|x64
		{80653140-7BAB-4A50-AF19-8D11E8DA7375}.Release|Any CPU.ActiveCfg = Release|x64
		{80653140-7BAB-4A50-AF19-8D11E8DA7375}.Release|Mixed Platforms.ActiveCfg = Release|x64
		{80653140-7BAB-4A50-AF19-8D11E8DA7375}.Release|Mixed Platforms.Build.0 = Release|x64
		{80653140-7BAB-4A50-AF19-8D11E8DA7375}.Release|x64.ActiveCfg = Release|x64
		{80653140-7BAB-4A50-AF19-8D11E8DA7375}.Release|x64.Build.0 = Release|x64
		{49BA1C69-6104-41AC-A5D8-B54FA9F696E8}.Debug|Any CPU.ActiveCfg = Debug|x86
		{49BA1C69-6104-41AC-A5D8-B54FA9F696E8}.Debug|Mixed Platforms.ActiveCfg = Debug|x86
		{49BA1C69-6104-41AC-A5D8-B54FA9F696E8}.Debug|Mixed Platforms.Build.0 = Debug|x86
		{49BA1C69-6104-41AC-A5D8-B54FA9F696E8}.Debug|x64.ActiveCfg = Debug|x64
		{49BA1C69-6104-41AC-A5D8-B54FA9F696E8}.Debug|x64.Build.0 = Debug|x64
		{49BA1C69-6104-41AC-A5D8-B54FA9F696E8}.Release|Any CPU.ActiveCfg = Release|x86
		{49BA1C69-6104-41AC-A5D8-B54FA9F696E8}.Release|Mixed Platforms.ActiveCfg = Release|x86
		{49BA1C69-6104-41AC-A5D8-B54FA9F696E8}.Release|Mixed Platforms.Build.0 = Release|x86
		{49BA1C69-6104-41AC-A5D8-B54FA9F696E8}.Release|x64.ActiveCfg = Release|x64
		{49BA1C69-6104-41AC-A5D8-B54FA9F696E8}.Release|x64.Build.0 = Release|x64
		{D3314606-4F54-4122-B19A-A8639950F74C}.Debug|Any CPU.ActiveCfg = Debug|x64
		{D3314606-4F54-4122-B19A-A8639950F74C}.Debug|Mixed Platforms.ActiveCfg = Debug|x64
		{D3314606-4F54-4122-B19A-A8639950F74C}.Debug|Mixed Platforms.Build.0 = Debug|x64
		{D3314606-4F54-4122-B19A-A8639950F74C}.Debug|x64.ActiveCfg = Debug|x64
		{D3314606-4F54-4122-B19A-A8639950F74C}.Debug|x64.Build.0 = Debug|x64
		{D3314606-4F54-4122-B19A-A8639950F74C}.Release|Any CPU.ActiveCfg = Release|x64
		{D3314606-4F54-4122-B19A-A8639950F74C}.Release|Mixed Platforms.ActiveCfg = Release|x64
		{D3314606-4F54-4122-B19A-A8639950F74C}.Release|Mixed Platforms.Build.0 = Release|x64
		{D3314606-4F54-4122-B19A-A8639950F74C}.Release|x64.ActiveCfg = Release|x64
		{D3314606-4F54-4122-B19A-A8639950F74C}.Release|x64.Build.0 = Release|x64
		{D87A34DC-2473-405D-B741-DF3B166E64CD}.Debug|Any CPU.ActiveCfg = Debug|x64
		{D87A34DC-2473-405D-B741-DF3B166E64CD}.Debug|Mixed Platforms.ActiveCfg = Debug|x64
		{D87A34DC-2473-405D-B741-DF3B166E64CD}.Debug|Mixed Platforms.Build.0 = Debug|x64
		{D87A34DC-2473-405D-B741-DF3B166E64CD}.Debug|x64.ActiveCfg = Debug|x64
		{D87A34DC-2473-405D-B741-DF3B166E64CD}.Debug|x64.Build.0 = Debug|x64
		{D87A34DC-2473-405D-B741-DF3B166E64CD}.Release|Any CPU.ActiveCfg = Release|x64
		{D87A34DC-2473-405D-B741-DF3B166E64CD}.Release|Mixed Platforms.ActiveCfg = Release|x64
		{D87A34DC-2473-405D-B741-DF3B166E64CD}.Release|Mixed Platforms.Build.0 = Release|x64
		{D87A34DC-2473-405D-B741-DF3B166E64CD}.Release|x64.ActiveCfg = Release|x64
		{D87A34DC-2473-405D-B741-DF3B166E64CD}.Release|x64.Build.0 = Release|x64
		{40AEE258-9E06-414E-9215-13775AAA7FAA}.Debug|Any CPU.ActiveCfg = Debug|x64
		{40AEE258-9E06-414E-9215-13775AAA7FAA}.Debug|Mixed Platforms.ActiveCfg = Debug|x64
		{40AEE258-9E06-414E-9215-13775AAA7FAA}.Debug|Mixed Platforms.Build.0 = Debug|x64
		{40AEE258-9E06-414E-9215-13775AAA7FAA}.Debug|x64.ActiveCfg = Debug|x64
		{40AEE258-9E06-414E-9215-13775AAA7FAA}.Debug|x64.Build.0 = Debug|x64
		{40AEE258-9E06-414E-9215-13775AAA7FAA}.Release|Any CPU.ActiveCfg = Release|x64
		{40AEE258-9E06-414E-9215-13775AAA7FAA}.Release|Mixed Platforms.ActiveCfg = Release|x64
		{40AEE258-9E06-414E-9215-13775AAA7FAA}.Release|Mixed Platforms.Build.0 = Release|x64
		{40AEE258-9E06-414E-9215-13775AAA7FAA}.Release|x64.ActiveCfg = Release|x64
		{40AEE258-9E06-414E-9215-13775AAA7FAA}.Release|x64.Build.0 = Release|x64
	EndGlobalSection
	GlobalSection(SolutionProperties) = preSolution
		HideSolutionNode = FALSE
	EndGlobalSection
	GlobalSection(NestedProjects) = preSolution
		{085C9E62-CDDF-4B95-994D-085C74FA90FC} = {2222BAA4-08B2-43BF-B61D-6FF6453C7D73}
		{C0D52C9F-14B8-4008-8DDC-109C27561A5C} = {2222BAA4-08B2-43BF-B61D-6FF6453C7D73}
		{34853DEA-43A6-4F2F-A379-D1EE04D256D2} = {2222BAA4-08B2-43BF-B61D-6FF6453C7D73}
		{EA4B3AFD-02E3-4FA3-9E26-95390F34687F} = {2222BAA4-08B2-43BF-B61D-6FF6453C7D73}
		{1131387F-6129-4287-A973-8B43DC9EFD49} = {2222BAA4-08B2-43BF-B61D-6FF6453C7D73}
		{49BA1C69-6104-41AC-A5D8-B54FA9F696E8} = {2222BAA4-08B2-43BF-B61D-6FF6453C7D73}
		{10ACDD8E-DD8F-4CCD-82F1-3BC78A70CE45} = {53ABA7DF-B4AE-4E9B-A616-AB3BB439283E}
		{7E8D0844-256B-4769-A6E3-BC57C8E1B9E5} = {53ABA7DF-B4AE-4E9B-A616-AB3BB439283E}
		{875285F7-3861-4417-BDBF-8AAD80775BB7} = {53ABA7DF-B4AE-4E9B-A616-AB3BB439283E}
		{F8AAEA8C-1CD1-467A-A6B6-F799F242A92B} = {53ABA7DF-B4AE-4E9B-A616-AB3BB439283E}
		{1D36BA25-DD97-452E-AE1B-78D147397AC8} = {53ABA7DF-B4AE-4E9B-A616-AB3BB439283E}
		{015702FB-52AA-40AB-8127-CD5A223F3A84} = {53ABA7DF-B4AE-4E9B-A616-AB3BB439283E}
		{15C1D397-D459-45F1-B97B-4DDA606C1251} = {53ABA7DF-B4AE-4E9B-A616-AB3BB439283E}
		{EA0CB5B3-3F7E-43D0-87E5-FB8186D7F39D} = {53ABA7DF-B4AE-4E9B-A616-AB3BB439283E}
		{83E8CFA2-655D-42A5-93F0-EEC7A6BA21F6} = {53ABA7DF-B4AE-4E9B-A616-AB3BB439283E}
		{1C1D2349-A235-455B-B1B0-C4D318FE3FAB} = {53ABA7DF-B4AE-4E9B-A616-AB3BB439283E}
		{4AB51138-3A32-439B-877E-C1C0DDA814DD} = {53ABA7DF-B4AE-4E9B-A616-AB3BB439283E}
		{B241CF4A-1C0E-45A2-8750-945975DA2DA8} = {53ABA7DF-B4AE-4E9B-A616-AB3BB439283E}
		{80653140-7BAB-4A50-AF19-8D11E8DA7375} = {53ABA7DF-B4AE-4E9B-A616-AB3BB439283E}
		{D3314606-4F54-4122-B19A-A8639950F74C} = {53ABA7DF-B4AE-4E9B-A616-AB3BB439283E}
		{D87A34DC-2473-405D-B741-DF3B166E64CD} = {53ABA7DF-B4AE-4E9B-A616-AB3BB439283E}
		{40AEE258-9E06-414E-9215-13775AAA7FAA} = {53ABA7DF-B4AE-4E9B-A616-AB3BB439283E}
	EndGlobalSection
	GlobalSection(Performance) = preSolution
		HasPerformanceSessions = true
	EndGlobalSection
EndGlobal
