
Microsoft Visual Studio Solution File, Format Version 12.00
# Visual Studio 2012
Project("{8BC9CEB8-8B4A-11D0-8D11-00A0C91BC942}") = "Native.Fbx", "Native.Fbx\Native.Fbx.vcxproj", "{1131387F-6129-4287-A973-8B43DC9EFD49}"
EndProject
Project("{FAE04EC0-301F-11D3-BF4B-00C04F79EFBC}") = "Fusion", "Fusion\Fusion.csproj", "{085C9E62-CDDF-4B95-994D-085C74FA90FC}"
EndProject
Project("{FAE04EC0-301F-11D3-BF4B-00C04F79EFBC}") = "BEPUphysics", "SDKs\BEPUPhysics\BEPUphysics\BEPUphysics.csproj", "{C0D52C9F-14B8-4008-8DDC-109C27561A5C}"
EndProject
Project("{FAE04EC0-301F-11D3-BF4B-00C04F79EFBC}") = "BEPUutilities", "SDKs\BEPUPhysics\BEPUutilities\BEPUutilities.csproj", "{34853DEA-43A6-4F2F-A379-D1EE04D256D2}"
EndProject
Project("{2150E333-8FDC-42A3-9474-1A3956D46DE8}") = "FusionFramework", "FusionFramework", "{2222BAA4-08B2-43BF-B61D-6FF6453C7D73}"
EndProject
Project("{2150E333-8FDC-42A3-9474-1A3956D46DE8}") = "FusionSamples", "FusionSamples", "{53ABA7DF-B4AE-4E9B-A616-AB3BB439283E}"
EndProject
Project("{FAE04EC0-301F-11D3-BF4B-00C04F79EFBC}") = "QuadDemo", "Samples\QuadDemo\QuadDemo.csproj", "{10ACDD8E-DD8F-4CCD-82F1-3BC78A70CE45}"
	ProjectSection(ProjectDependencies) = postProject
		{085C9E62-CDDF-4B95-994D-085C74FA90FC} = {085C9E62-CDDF-4B95-994D-085C74FA90FC}
		{49BA1C69-6104-41AC-A5D8-B54FA9F696E8} = {49BA1C69-6104-41AC-A5D8-B54FA9F696E8}
		{1131387F-6129-4287-A973-8B43DC9EFD49} = {1131387F-6129-4287-A973-8B43DC9EFD49}
		{C0D52C9F-14B8-4008-8DDC-109C27561A5C} = {C0D52C9F-14B8-4008-8DDC-109C27561A5C}
		{34853DEA-43A6-4F2F-A379-D1EE04D256D2} = {34853DEA-43A6-4F2F-A379-D1EE04D256D2}
		{EA4B3AFD-02E3-4FA3-9E26-95390F34687F} = {EA4B3AFD-02E3-4FA3-9E26-95390F34687F}
	EndProjectSection
EndProject
Project("{FAE04EC0-301F-11D3-BF4B-00C04F79EFBC}") = "InstancingDemo", "Samples\InstancingDemo\InstancingDemo.csproj", "{7E8D0844-256B-4769-A6E3-BC57C8E1B9E5}"
	ProjectSection(ProjectDependencies) = postProject
		{085C9E62-CDDF-4B95-994D-085C74FA90FC} = {085C9E62-CDDF-4B95-994D-085C74FA90FC}
		{49BA1C69-6104-41AC-A5D8-B54FA9F696E8} = {49BA1C69-6104-41AC-A5D8-B54FA9F696E8}
		{1131387F-6129-4287-A973-8B43DC9EFD49} = {1131387F-6129-4287-A973-8B43DC9EFD49}
		{C0D52C9F-14B8-4008-8DDC-109C27561A5C} = {C0D52C9F-14B8-4008-8DDC-109C27561A5C}
		{34853DEA-43A6-4F2F-A379-D1EE04D256D2} = {34853DEA-43A6-4F2F-A379-D1EE04D256D2}
		{EA4B3AFD-02E3-4FA3-9E26-95390F34687F} = {EA4B3AFD-02E3-4FA3-9E26-95390F34687F}
	EndProjectSection
EndProject
Project("{FAE04EC0-301F-11D3-BF4B-00C04F79EFBC}") = "SpriteDemo", "Samples\SpriteDemo\SpriteDemo.csproj", "{875285F7-3861-4417-BDBF-8AAD80775BB7}"
	ProjectSection(ProjectDependencies) = postProject
		{085C9E62-CDDF-4B95-994D-085C74FA90FC} = {085C9E62-CDDF-4B95-994D-085C74FA90FC}
		{49BA1C69-6104-41AC-A5D8-B54FA9F696E8} = {49BA1C69-6104-41AC-A5D8-B54FA9F696E8}
		{1131387F-6129-4287-A973-8B43DC9EFD49} = {1131387F-6129-4287-A973-8B43DC9EFD49}
		{C0D52C9F-14B8-4008-8DDC-109C27561A5C} = {C0D52C9F-14B8-4008-8DDC-109C27561A5C}
		{34853DEA-43A6-4F2F-A379-D1EE04D256D2} = {34853DEA-43A6-4F2F-A379-D1EE04D256D2}
		{EA4B3AFD-02E3-4FA3-9E26-95390F34687F} = {EA4B3AFD-02E3-4FA3-9E26-95390F34687F}
	EndProjectSection
EndProject
Project("{FAE04EC0-301F-11D3-BF4B-00C04F79EFBC}") = "InputDemo", "Samples\InputDemo\InputDemo.csproj", "{F8AAEA8C-1CD1-467A-A6B6-F799F242A92B}"
	ProjectSection(ProjectDependencies) = postProject
		{085C9E62-CDDF-4B95-994D-085C74FA90FC} = {085C9E62-CDDF-4B95-994D-085C74FA90FC}
		{49BA1C69-6104-41AC-A5D8-B54FA9F696E8} = {49BA1C69-6104-41AC-A5D8-B54FA9F696E8}
		{1131387F-6129-4287-A973-8B43DC9EFD49} = {1131387F-6129-4287-A973-8B43DC9EFD49}
		{C0D52C9F-14B8-4008-8DDC-109C27561A5C} = {C0D52C9F-14B8-4008-8DDC-109C27561A5C}
		{34853DEA-43A6-4F2F-A379-D1EE04D256D2} = {34853DEA-43A6-4F2F-A379-D1EE04D256D2}
		{EA4B3AFD-02E3-4FA3-9E26-95390F34687F} = {EA4B3AFD-02E3-4FA3-9E26-95390F34687F}
	EndProjectSection
EndProject
Project("{FAE04EC0-301F-11D3-BF4B-00C04F79EFBC}") = "SoundDemo", "Samples\SoundDemo\SoundDemo.csproj", "{1D36BA25-DD97-452E-AE1B-78D147397AC8}"
	ProjectSection(ProjectDependencies) = postProject
		{085C9E62-CDDF-4B95-994D-085C74FA90FC} = {085C9E62-CDDF-4B95-994D-085C74FA90FC}
		{49BA1C69-6104-41AC-A5D8-B54FA9F696E8} = {49BA1C69-6104-41AC-A5D8-B54FA9F696E8}
		{1131387F-6129-4287-A973-8B43DC9EFD49} = {1131387F-6129-4287-A973-8B43DC9EFD49}
		{C0D52C9F-14B8-4008-8DDC-109C27561A5C} = {C0D52C9F-14B8-4008-8DDC-109C27561A5C}
		{34853DEA-43A6-4F2F-A379-D1EE04D256D2} = {34853DEA-43A6-4F2F-A379-D1EE04D256D2}
		{EA4B3AFD-02E3-4FA3-9E26-95390F34687F} = {EA4B3AFD-02E3-4FA3-9E26-95390F34687F}
	EndProjectSection
EndProject
Project("{FAE04EC0-301F-11D3-BF4B-00C04F79EFBC}") = "DescriptorDemo", "Samples\DescriptorDemo\DescriptorDemo.csproj", "{015702FB-52AA-40AB-8127-CD5A223F3A84}"
	ProjectSection(ProjectDependencies) = postProject
		{085C9E62-CDDF-4B95-994D-085C74FA90FC} = {085C9E62-CDDF-4B95-994D-085C74FA90FC}
		{49BA1C69-6104-41AC-A5D8-B54FA9F696E8} = {49BA1C69-6104-41AC-A5D8-B54FA9F696E8}
		{1131387F-6129-4287-A973-8B43DC9EFD49} = {1131387F-6129-4287-A973-8B43DC9EFD49}
		{C0D52C9F-14B8-4008-8DDC-109C27561A5C} = {C0D52C9F-14B8-4008-8DDC-109C27561A5C}
		{34853DEA-43A6-4F2F-A379-D1EE04D256D2} = {34853DEA-43A6-4F2F-A379-D1EE04D256D2}
		{EA4B3AFD-02E3-4FA3-9E26-95390F34687F} = {EA4B3AFD-02E3-4FA3-9E26-95390F34687F}
	EndProjectSection
EndProject
Project("{FAE04EC0-301F-11D3-BF4B-00C04F79EFBC}") = "SceneDemo", "Samples\SceneDemo\SceneDemo.csproj", "{15C1D397-D459-45F1-B97B-4DDA606C1251}"
	ProjectSection(ProjectDependencies) = postProject
		{085C9E62-CDDF-4B95-994D-085C74FA90FC} = {085C9E62-CDDF-4B95-994D-085C74FA90FC}
		{49BA1C69-6104-41AC-A5D8-B54FA9F696E8} = {49BA1C69-6104-41AC-A5D8-B54FA9F696E8}
		{1131387F-6129-4287-A973-8B43DC9EFD49} = {1131387F-6129-4287-A973-8B43DC9EFD49}
		{C0D52C9F-14B8-4008-8DDC-109C27561A5C} = {C0D52C9F-14B8-4008-8DDC-109C27561A5C}
		{34853DEA-43A6-4F2F-A379-D1EE04D256D2} = {34853DEA-43A6-4F2F-A379-D1EE04D256D2}
		{EA4B3AFD-02E3-4FA3-9E26-95390F34687F} = {EA4B3AFD-02E3-4FA3-9E26-95390F34687F}
	EndProjectSection
EndProject
Project("{FAE04EC0-301F-11D3-BF4B-00C04F79EFBC}") = "ComputeDemo", "Samples\ComputeDemo\ComputeDemo.csproj", "{EA0CB5B3-3F7E-43D0-87E5-FB8186D7F39D}"
	ProjectSection(ProjectDependencies) = postProject
		{085C9E62-CDDF-4B95-994D-085C74FA90FC} = {085C9E62-CDDF-4B95-994D-085C74FA90FC}
		{49BA1C69-6104-41AC-A5D8-B54FA9F696E8} = {49BA1C69-6104-41AC-A5D8-B54FA9F696E8}
		{1131387F-6129-4287-A973-8B43DC9EFD49} = {1131387F-6129-4287-A973-8B43DC9EFD49}
		{C0D52C9F-14B8-4008-8DDC-109C27561A5C} = {C0D52C9F-14B8-4008-8DDC-109C27561A5C}
		{34853DEA-43A6-4F2F-A379-D1EE04D256D2} = {34853DEA-43A6-4F2F-A379-D1EE04D256D2}
		{EA4B3AFD-02E3-4FA3-9E26-95390F34687F} = {EA4B3AFD-02E3-4FA3-9E26-95390F34687F}
	EndProjectSection
EndProject
Project("{FAE04EC0-301F-11D3-BF4B-00C04F79EFBC}") = "ParticleDemoCS", "Samples\ParticleDemo\ParticleDemoCS.csproj", "{83E8CFA2-655D-42A5-93F0-EEC7A6BA21F6}"
	ProjectSection(ProjectDependencies) = postProject
		{085C9E62-CDDF-4B95-994D-085C74FA90FC} = {085C9E62-CDDF-4B95-994D-085C74FA90FC}
		{49BA1C69-6104-41AC-A5D8-B54FA9F696E8} = {49BA1C69-6104-41AC-A5D8-B54FA9F696E8}
		{1131387F-6129-4287-A973-8B43DC9EFD49} = {1131387F-6129-4287-A973-8B43DC9EFD49}
		{C0D52C9F-14B8-4008-8DDC-109C27561A5C} = {C0D52C9F-14B8-4008-8DDC-109C27561A5C}
		{34853DEA-43A6-4F2F-A379-D1EE04D256D2} = {34853DEA-43A6-4F2F-A379-D1EE04D256D2}
		{EA4B3AFD-02E3-4FA3-9E26-95390F34687F} = {EA4B3AFD-02E3-4FA3-9E26-95390F34687F}
	EndProjectSection
EndProject
Project("{FAE04EC0-301F-11D3-BF4B-00C04F79EFBC}") = "SubmarinesWars", "Samples\Submarines\SubmarinesWars.csproj", "{1C1D2349-A235-455B-B1B0-C4D318FE3FAB}"
	ProjectSection(ProjectDependencies) = postProject
		{085C9E62-CDDF-4B95-994D-085C74FA90FC} = {085C9E62-CDDF-4B95-994D-085C74FA90FC}
		{49BA1C69-6104-41AC-A5D8-B54FA9F696E8} = {49BA1C69-6104-41AC-A5D8-B54FA9F696E8}
		{1131387F-6129-4287-A973-8B43DC9EFD49} = {1131387F-6129-4287-A973-8B43DC9EFD49}
		{C0D52C9F-14B8-4008-8DDC-109C27561A5C} = {C0D52C9F-14B8-4008-8DDC-109C27561A5C}
		{34853DEA-43A6-4F2F-A379-D1EE04D256D2} = {34853DEA-43A6-4F2F-A379-D1EE04D256D2}
		{EA4B3AFD-02E3-4FA3-9E26-95390F34687F} = {EA4B3AFD-02E3-4FA3-9E26-95390F34687F}
	EndProjectSection
EndProject
Project("{FAE04EC0-301F-11D3-BF4B-00C04F79EFBC}") = "DeferredDemo", "Samples\DeferredDemo\DeferredDemo.csproj", "{4AB51138-3A32-439B-877E-C1C0DDA814DD}"
	ProjectSection(ProjectDependencies) = postProject
		{085C9E62-CDDF-4B95-994D-085C74FA90FC} = {085C9E62-CDDF-4B95-994D-085C74FA90FC}
		{49BA1C69-6104-41AC-A5D8-B54FA9F696E8} = {49BA1C69-6104-41AC-A5D8-B54FA9F696E8}
		{1131387F-6129-4287-A973-8B43DC9EFD49} = {1131387F-6129-4287-A973-8B43DC9EFD49}
		{C0D52C9F-14B8-4008-8DDC-109C27561A5C} = {C0D52C9F-14B8-4008-8DDC-109C27561A5C}
		{34853DEA-43A6-4F2F-A379-D1EE04D256D2} = {34853DEA-43A6-4F2F-A379-D1EE04D256D2}
		{EA4B3AFD-02E3-4FA3-9E26-95390F34687F} = {EA4B3AFD-02E3-4FA3-9E26-95390F34687F}
	EndProjectSection
EndProject
Project("{FAE04EC0-301F-11D3-BF4B-00C04F79EFBC}") = "AnimationDemo", "Samples\AnimationDemo\AnimationDemo.csproj", "{B241CF4A-1C0E-45A2-8750-945975DA2DA8}"
	ProjectSection(ProjectDependencies) = postProject
		{085C9E62-CDDF-4B95-994D-085C74FA90FC} = {085C9E62-CDDF-4B95-994D-085C74FA90FC}
		{49BA1C69-6104-41AC-A5D8-B54FA9F696E8} = {49BA1C69-6104-41AC-A5D8-B54FA9F696E8}
		{1131387F-6129-4287-A973-8B43DC9EFD49} = {1131387F-6129-4287-A973-8B43DC9EFD49}
		{C0D52C9F-14B8-4008-8DDC-109C27561A5C} = {C0D52C9F-14B8-4008-8DDC-109C27561A5C}
		{34853DEA-43A6-4F2F-A379-D1EE04D256D2} = {34853DEA-43A6-4F2F-A379-D1EE04D256D2}
		{EA4B3AFD-02E3-4FA3-9E26-95390F34687F} = {EA4B3AFD-02E3-4FA3-9E26-95390F34687F}
	EndProjectSection
EndProject
Project("{FAE04EC0-301F-11D3-BF4B-00C04F79EFBC}") = "SkinningDemo", "Samples\SkinningDemo\SkinningDemo.csproj", "{80653140-7BAB-4A50-AF19-8D11E8DA7375}"
	ProjectSection(ProjectDependencies) = postProject
		{085C9E62-CDDF-4B95-994D-085C74FA90FC} = {085C9E62-CDDF-4B95-994D-085C74FA90FC}
		{49BA1C69-6104-41AC-A5D8-B54FA9F696E8} = {49BA1C69-6104-41AC-A5D8-B54FA9F696E8}
		{1131387F-6129-4287-A973-8B43DC9EFD49} = {1131387F-6129-4287-A973-8B43DC9EFD49}
		{C0D52C9F-14B8-4008-8DDC-109C27561A5C} = {C0D52C9F-14B8-4008-8DDC-109C27561A5C}
		{34853DEA-43A6-4F2F-A379-D1EE04D256D2} = {34853DEA-43A6-4F2F-A379-D1EE04D256D2}
		{EA4B3AFD-02E3-4FA3-9E26-95390F34687F} = {EA4B3AFD-02E3-4FA3-9E26-95390F34687F}
	EndProjectSection
EndProject
Project("{FAE04EC0-301F-11D3-BF4B-00C04F79EFBC}") = "Lidgren.Network", "SDKs\LidgrenNetwork\Lidgren.Network\Lidgren.Network.csproj", "{49BA1C69-6104-41AC-A5D8-B54FA9F696E8}"
	ProjectSection(ProjectDependencies) = postProject
		{085C9E62-CDDF-4B95-994D-085C74FA90FC} = {085C9E62-CDDF-4B95-994D-085C74FA90FC}
		{49BA1C69-6104-41AC-A5D8-B54FA9F696E8} = {49BA1C69-6104-41AC-A5D8-B54FA9F696E8}
		{1131387F-6129-4287-A973-8B43DC9EFD49} = {1131387F-6129-4287-A973-8B43DC9EFD49}
		{C0D52C9F-14B8-4008-8DDC-109C27561A5C} = {C0D52C9F-14B8-4008-8DDC-109C27561A5C}
		{34853DEA-43A6-4F2F-A379-D1EE04D256D2} = {34853DEA-43A6-4F2F-A379-D1EE04D256D2}
		{EA4B3AFD-02E3-4FA3-9E26-95390F34687F} = {EA4B3AFD-02E3-4FA3-9E26-95390F34687F}
	EndProjectSection
EndProject
Project("{FAE04EC0-301F-11D3-BF4B-00C04F79EFBC}") = "InstancingDemo2", "Samples\InstancingDemo2\InstancingDemo2.csproj", "{D3314606-4F54-4122-B19A-A8639950F74C}"
	ProjectSection(ProjectDependencies) = postProject
		{085C9E62-CDDF-4B95-994D-085C74FA90FC} = {085C9E62-CDDF-4B95-994D-085C74FA90FC}
		{49BA1C69-6104-41AC-A5D8-B54FA9F696E8} = {49BA1C69-6104-41AC-A5D8-B54FA9F696E8}
		{1131387F-6129-4287-A973-8B43DC9EFD49} = {1131387F-6129-4287-A973-8B43DC9EFD49}
		{C0D52C9F-14B8-4008-8DDC-109C27561A5C} = {C0D52C9F-14B8-4008-8DDC-109C27561A5C}
		{34853DEA-43A6-4F2F-A379-D1EE04D256D2} = {34853DEA-43A6-4F2F-A379-D1EE04D256D2}
		{EA4B3AFD-02E3-4FA3-9E26-95390F34687F} = {EA4B3AFD-02E3-4FA3-9E26-95390F34687F}
	EndProjectSection
EndProject
Project("{FAE04EC0-301F-11D3-BF4B-00C04F79EFBC}") = "ParticleDemoGS", "Samples\ParticleDemo2\ParticleDemoGS.csproj", "{D87A34DC-2473-405D-B741-DF3B166E64CD}"
	ProjectSection(ProjectDependencies) = postProject
		{085C9E62-CDDF-4B95-994D-085C74FA90FC} = {085C9E62-CDDF-4B95-994D-085C74FA90FC}
		{49BA1C69-6104-41AC-A5D8-B54FA9F696E8} = {49BA1C69-6104-41AC-A5D8-B54FA9F696E8}
		{1131387F-6129-4287-A973-8B43DC9EFD49} = {1131387F-6129-4287-A973-8B43DC9EFD49}
		{C0D52C9F-14B8-4008-8DDC-109C27561A5C} = {C0D52C9F-14B8-4008-8DDC-109C27561A5C}
		{34853DEA-43A6-4F2F-A379-D1EE04D256D2} = {34853DEA-43A6-4F2F-A379-D1EE04D256D2}
		{EA4B3AFD-02E3-4FA3-9E26-95390F34687F} = {EA4B3AFD-02E3-4FA3-9E26-95390F34687F}
	EndProjectSection
EndProject
Project("{FAE04EC0-301F-11D3-BF4B-00C04F79EFBC}") = "PhysicsDemo", "Samples\PhysicsDemo\PhysicsDemo.csproj", "{40AEE258-9E06-414E-9215-13775AAA7FAA}"
	ProjectSection(ProjectDependencies) = postProject
		{085C9E62-CDDF-4B95-994D-085C74FA90FC} = {085C9E62-CDDF-4B95-994D-085C74FA90FC}
		{49BA1C69-6104-41AC-A5D8-B54FA9F696E8} = {49BA1C69-6104-41AC-A5D8-B54FA9F696E8}
		{1131387F-6129-4287-A973-8B43DC9EFD49} = {1131387F-6129-4287-A973-8B43DC9EFD49}
		{C0D52C9F-14B8-4008-8DDC-109C27561A5C} = {C0D52C9F-14B8-4008-8DDC-109C27561A5C}
		{34853DEA-43A6-4F2F-A379-D1EE04D256D2} = {34853DEA-43A6-4F2F-A379-D1EE04D256D2}
		{EA4B3AFD-02E3-4FA3-9E26-95390F34687F} = {EA4B3AFD-02E3-4FA3-9E26-95390F34687F}
	EndProjectSection
EndProject
Project("{FAE04EC0-301F-11D3-BF4B-00C04F79EFBC}") = "TriPlanarMappingDemo", "Samples\TriPlanarMappingDemo\TriPlanarMappingDemo.csproj", "{A7C1F96A-67B3-482A-B1C0-826C89FB84D9}"
EndProject
Project("{8BC9CEB8-8B4A-11D0-8D11-00A0C91BC942}") = "Native.Dds", "Native.Dds\Native.Dds.vcxproj", "{53AF2C09-5113-4051-98FB-BB8258E268BD}"
EndProject
Project("{8BC9CEB8-8B4A-11D0-8D11-00A0C91BC942}") = "Native.NvApi", "Native.NvApi\Native.NvApi.vcxproj", "{EA4B3AFD-02E3-4FA3-9E26-95390F34687F}"
EndProject
Project("{8BC9CEB8-8B4A-11D0-8D11-00A0C91BC942}") = "Native.Wic", "Native.Wic\Native.Wic.vcxproj", "{34D2AE22-EA1F-481E-B9F7-15AD914F4208}"
EndProject
Project("{FAE04EC0-301F-11D3-BF4B-00C04F79EFBC}") = "Fusion.Pipeline", "Fusion.Pipeline\Fusion.Pipeline.csproj", "{EBDD2FD0-EC00-45D9-B38B-C7E674016FAB}"
EndProject
Project("{FAE04EC0-301F-11D3-BF4B-00C04F79EFBC}") = "FBuild", "FBuild\FBuild.csproj", "{623DF95E-A99D-4B85-9CF8-2E09D68B8432}"
EndProject
Global
	GlobalSection(SolutionConfigurationPlatforms) = preSolution
		Debug|x64 = Debug|x64
		Release|x64 = Release|x64
	EndGlobalSection
	GlobalSection(ProjectConfigurationPlatforms) = postSolution
		{1131387F-6129-4287-A973-8B43DC9EFD49}.Debug|x64.ActiveCfg = Debug|x64
		{1131387F-6129-4287-A973-8B43DC9EFD49}.Debug|x64.Build.0 = Debug|x64
		{1131387F-6129-4287-A973-8B43DC9EFD49}.Release|x64.ActiveCfg = Release|x64
		{1131387F-6129-4287-A973-8B43DC9EFD49}.Release|x64.Build.0 = Release|x64
		{085C9E62-CDDF-4B95-994D-085C74FA90FC}.Debug|x64.ActiveCfg = Debug|x64
		{085C9E62-CDDF-4B95-994D-085C74FA90FC}.Debug|x64.Build.0 = Debug|x64
		{085C9E62-CDDF-4B95-994D-085C74FA90FC}.Release|x64.ActiveCfg = Release|x64
		{085C9E62-CDDF-4B95-994D-085C74FA90FC}.Release|x64.Build.0 = Release|x64
		{C0D52C9F-14B8-4008-8DDC-109C27561A5C}.Debug|x64.ActiveCfg = Debug|x64
		{C0D52C9F-14B8-4008-8DDC-109C27561A5C}.Debug|x64.Build.0 = Debug|x64
		{C0D52C9F-14B8-4008-8DDC-109C27561A5C}.Release|x64.ActiveCfg = Release|x64
		{C0D52C9F-14B8-4008-8DDC-109C27561A5C}.Release|x64.Build.0 = Release|x64
		{34853DEA-43A6-4F2F-A379-D1EE04D256D2}.Debug|x64.ActiveCfg = Debug|x64
		{34853DEA-43A6-4F2F-A379-D1EE04D256D2}.Debug|x64.Build.0 = Debug|x64
		{34853DEA-43A6-4F2F-A379-D1EE04D256D2}.Release|x64.ActiveCfg = Release|x64
		{34853DEA-43A6-4F2F-A379-D1EE04D256D2}.Release|x64.Build.0 = Release|x64
		{10ACDD8E-DD8F-4CCD-82F1-3BC78A70CE45}.Debug|x64.ActiveCfg = Debug|x64
		{10ACDD8E-DD8F-4CCD-82F1-3BC78A70CE45}.Debug|x64.Build.0 = Debug|x64
		{10ACDD8E-DD8F-4CCD-82F1-3BC78A70CE45}.Release|x64.ActiveCfg = Release|x64
		{7E8D0844-256B-4769-A6E3-BC57C8E1B9E5}.Debug|x64.ActiveCfg = Debug|x64
		{7E8D0844-256B-4769-A6E3-BC57C8E1B9E5}.Debug|x64.Build.0 = Debug|x64
		{7E8D0844-256B-4769-A6E3-BC57C8E1B9E5}.Release|x64.ActiveCfg = Release|x64
		{875285F7-3861-4417-BDBF-8AAD80775BB7}.Debug|x64.ActiveCfg = Debug|x64
		{875285F7-3861-4417-BDBF-8AAD80775BB7}.Debug|x64.Build.0 = Debug|x64
		{875285F7-3861-4417-BDBF-8AAD80775BB7}.Release|x64.ActiveCfg = Release|x64
		{875285F7-3861-4417-BDBF-8AAD80775BB7}.Release|x64.Build.0 = Release|x64
		{F8AAEA8C-1CD1-467A-A6B6-F799F242A92B}.Debug|x64.ActiveCfg = Debug|x64
		{F8AAEA8C-1CD1-467A-A6B6-F799F242A92B}.Debug|x64.Build.0 = Debug|x64
		{F8AAEA8C-1CD1-467A-A6B6-F799F242A92B}.Release|x64.ActiveCfg = Release|x64
		{1D36BA25-DD97-452E-AE1B-78D147397AC8}.Debug|x64.ActiveCfg = Debug|x64
		{1D36BA25-DD97-452E-AE1B-78D147397AC8}.Debug|x64.Build.0 = Debug|x64
		{1D36BA25-DD97-452E-AE1B-78D147397AC8}.Release|x64.ActiveCfg = Release|x64
		{015702FB-52AA-40AB-8127-CD5A223F3A84}.Debug|x64.ActiveCfg = Debug|x64
		{015702FB-52AA-40AB-8127-CD5A223F3A84}.Debug|x64.Build.0 = Debug|x64
		{015702FB-52AA-40AB-8127-CD5A223F3A84}.Release|x64.ActiveCfg = Release|x64
		{015702FB-52AA-40AB-8127-CD5A223F3A84}.Release|x64.Build.0 = Release|x64
		{15C1D397-D459-45F1-B97B-4DDA606C1251}.Debug|x64.ActiveCfg = Debug|x64
		{15C1D397-D459-45F1-B97B-4DDA606C1251}.Debug|x64.Build.0 = Debug|x64
		{15C1D397-D459-45F1-B97B-4DDA606C1251}.Release|x64.ActiveCfg = Release|x64
		{EA0CB5B3-3F7E-43D0-87E5-FB8186D7F39D}.Debug|x64.ActiveCfg = Debug|x64
		{EA0CB5B3-3F7E-43D0-87E5-FB8186D7F39D}.Debug|x64.Build.0 = Debug|x64
		{EA0CB5B3-3F7E-43D0-87E5-FB8186D7F39D}.Release|x64.ActiveCfg = Release|x64
		{83E8CFA2-655D-42A5-93F0-EEC7A6BA21F6}.Debug|x64.ActiveCfg = Debug|x64
		{83E8CFA2-655D-42A5-93F0-EEC7A6BA21F6}.Debug|x64.Build.0 = Debug|x64
		{83E8CFA2-655D-42A5-93F0-EEC7A6BA21F6}.Release|x64.ActiveCfg = Release|x64
		{1C1D2349-A235-455B-B1B0-C4D318FE3FAB}.Debug|x64.ActiveCfg = Debug|x64
		{1C1D2349-A235-455B-B1B0-C4D318FE3FAB}.Debug|x64.Build.0 = Debug|x64
		{1C1D2349-A235-455B-B1B0-C4D318FE3FAB}.Release|x64.ActiveCfg = Release|x64
		{4AB51138-3A32-439B-877E-C1C0DDA814DD}.Debug|x64.ActiveCfg = Debug|x64
		{4AB51138-3A32-439B-877E-C1C0DDA814DD}.Debug|x64.Build.0 = Debug|x64
		{4AB51138-3A32-439B-877E-C1C0DDA814DD}.Release|x64.ActiveCfg = Release|x64
		{B241CF4A-1C0E-45A2-8750-945975DA2DA8}.Debug|x64.ActiveCfg = Debug|x64
		{B241CF4A-1C0E-45A2-8750-945975DA2DA8}.Debug|x64.Build.0 = Debug|x64
		{B241CF4A-1C0E-45A2-8750-945975DA2DA8}.Release|x64.ActiveCfg = Release|x64
		{80653140-7BAB-4A50-AF19-8D11E8DA7375}.Debug|x64.ActiveCfg = Debug|x64
		{80653140-7BAB-4A50-AF19-8D11E8DA7375}.Debug|x64.Build.0 = Debug|x64
		{80653140-7BAB-4A50-AF19-8D11E8DA7375}.Release|x64.ActiveCfg = Release|x64
		{49BA1C69-6104-41AC-A5D8-B54FA9F696E8}.Debug|x64.ActiveCfg = Debug|Any CPU
		{49BA1C69-6104-41AC-A5D8-B54FA9F696E8}.Release|x64.ActiveCfg = Release|Any CPU
		{D3314606-4F54-4122-B19A-A8639950F74C}.Debug|x64.ActiveCfg = Debug|x64
		{D3314606-4F54-4122-B19A-A8639950F74C}.Debug|x64.Build.0 = Debug|x64
		{D3314606-4F54-4122-B19A-A8639950F74C}.Release|x64.ActiveCfg = Release|x64
		{D87A34DC-2473-405D-B741-DF3B166E64CD}.Debug|x64.ActiveCfg = Debug|x64
		{D87A34DC-2473-405D-B741-DF3B166E64CD}.Debug|x64.Build.0 = Debug|x64
		{D87A34DC-2473-405D-B741-DF3B166E64CD}.Release|x64.ActiveCfg = Release|x64
		{40AEE258-9E06-414E-9215-13775AAA7FAA}.Debug|x64.ActiveCfg = Debug|x64
		{40AEE258-9E06-414E-9215-13775AAA7FAA}.Debug|x64.Build.0 = Debug|x64
		{40AEE258-9E06-414E-9215-13775AAA7FAA}.Release|x64.ActiveCfg = Release|x64
		{A7C1F96A-67B3-482A-B1C0-826C89FB84D9}.Debug|x64.ActiveCfg = Debug|x64
		{A7C1F96A-67B3-482A-B1C0-826C89FB84D9}.Debug|x64.Build.0 = Debug|x64
		{A7C1F96A-67B3-482A-B1C0-826C89FB84D9}.Release|x64.ActiveCfg = Release|x64
		{53AF2C09-5113-4051-98FB-BB8258E268BD}.Debug|x64.ActiveCfg = Debug|x64
		{53AF2C09-5113-4051-98FB-BB8258E268BD}.Debug|x64.Build.0 = Debug|x64
		{53AF2C09-5113-4051-98FB-BB8258E268BD}.Release|x64.ActiveCfg = Release|x64
		{53AF2C09-5113-4051-98FB-BB8258E268BD}.Release|x64.Build.0 = Release|x64
		{EA4B3AFD-02E3-4FA3-9E26-95390F34687F}.Debug|x64.ActiveCfg = Debug|x64
		{EA4B3AFD-02E3-4FA3-9E26-95390F34687F}.Debug|x64.Build.0 = Debug|x64
		{EA4B3AFD-02E3-4FA3-9E26-95390F34687F}.Release|x64.ActiveCfg = Release|x64
		{EA4B3AFD-02E3-4FA3-9E26-95390F34687F}.Release|x64.Build.0 = Release|x64
		{34D2AE22-EA1F-481E-B9F7-15AD914F4208}.Debug|x64.ActiveCfg = Debug|x64
		{34D2AE22-EA1F-481E-B9F7-15AD914F4208}.Debug|x64.Build.0 = Debug|x64
		{34D2AE22-EA1F-481E-B9F7-15AD914F4208}.Release|x64.ActiveCfg = Release|x64
		{34D2AE22-EA1F-481E-B9F7-15AD914F4208}.Release|x64.Build.0 = Release|x64
		{EBDD2FD0-EC00-45D9-B38B-C7E674016FAB}.Debug|x64.ActiveCfg = Debug|x64
		{EBDD2FD0-EC00-45D9-B38B-C7E674016FAB}.Debug|x64.Build.0 = Debug|x64
		{EBDD2FD0-EC00-45D9-B38B-C7E674016FAB}.Release|x64.ActiveCfg = Release|x64
		{EBDD2FD0-EC00-45D9-B38B-C7E674016FAB}.Release|x64.Build.0 = Release|x64
		{623DF95E-A99D-4B85-9CF8-2E09D68B8432}.Debug|x64.ActiveCfg = Debug|x64
		{623DF95E-A99D-4B85-9CF8-2E09D68B8432}.Debug|x64.Build.0 = Debug|x64
		{623DF95E-A99D-4B85-9CF8-2E09D68B8432}.Release|x64.ActiveCfg = Release|x64
		{623DF95E-A99D-4B85-9CF8-2E09D68B8432}.Release|x64.Build.0 = Release|x64
	EndGlobalSection
	GlobalSection(SolutionProperties) = preSolution
		HideSolutionNode = FALSE
	EndGlobalSection
	GlobalSection(NestedProjects) = preSolution
		{085C9E62-CDDF-4B95-994D-085C74FA90FC} = {2222BAA4-08B2-43BF-B61D-6FF6453C7D73}
		{C0D52C9F-14B8-4008-8DDC-109C27561A5C} = {2222BAA4-08B2-43BF-B61D-6FF6453C7D73}
		{34853DEA-43A6-4F2F-A379-D1EE04D256D2} = {2222BAA4-08B2-43BF-B61D-6FF6453C7D73}
		{1131387F-6129-4287-A973-8B43DC9EFD49} = {2222BAA4-08B2-43BF-B61D-6FF6453C7D73}
		{49BA1C69-6104-41AC-A5D8-B54FA9F696E8} = {2222BAA4-08B2-43BF-B61D-6FF6453C7D73}
		{53AF2C09-5113-4051-98FB-BB8258E268BD} = {2222BAA4-08B2-43BF-B61D-6FF6453C7D73}
		{EA4B3AFD-02E3-4FA3-9E26-95390F34687F} = {2222BAA4-08B2-43BF-B61D-6FF6453C7D73}
		{34D2AE22-EA1F-481E-B9F7-15AD914F4208} = {2222BAA4-08B2-43BF-B61D-6FF6453C7D73}
		{EBDD2FD0-EC00-45D9-B38B-C7E674016FAB} = {2222BAA4-08B2-43BF-B61D-6FF6453C7D73}
		{623DF95E-A99D-4B85-9CF8-2E09D68B8432} = {2222BAA4-08B2-43BF-B61D-6FF6453C7D73}
		{10ACDD8E-DD8F-4CCD-82F1-3BC78A70CE45} = {53ABA7DF-B4AE-4E9B-A616-AB3BB439283E}
		{7E8D0844-256B-4769-A6E3-BC57C8E1B9E5} = {53ABA7DF-B4AE-4E9B-A616-AB3BB439283E}
		{875285F7-3861-4417-BDBF-8AAD80775BB7} = {53ABA7DF-B4AE-4E9B-A616-AB3BB439283E}
		{F8AAEA8C-1CD1-467A-A6B6-F799F242A92B} = {53ABA7DF-B4AE-4E9B-A616-AB3BB439283E}
		{1D36BA25-DD97-452E-AE1B-78D147397AC8} = {53ABA7DF-B4AE-4E9B-A616-AB3BB439283E}
		{015702FB-52AA-40AB-8127-CD5A223F3A84} = {53ABA7DF-B4AE-4E9B-A616-AB3BB439283E}
		{15C1D397-D459-45F1-B97B-4DDA606C1251} = {53ABA7DF-B4AE-4E9B-A616-AB3BB439283E}
		{EA0CB5B3-3F7E-43D0-87E5-FB8186D7F39D} = {53ABA7DF-B4AE-4E9B-A616-AB3BB439283E}
		{83E8CFA2-655D-42A5-93F0-EEC7A6BA21F6} = {53ABA7DF-B4AE-4E9B-A616-AB3BB439283E}
		{1C1D2349-A235-455B-B1B0-C4D318FE3FAB} = {53ABA7DF-B4AE-4E9B-A616-AB3BB439283E}
		{4AB51138-3A32-439B-877E-C1C0DDA814DD} = {53ABA7DF-B4AE-4E9B-A616-AB3BB439283E}
		{B241CF4A-1C0E-45A2-8750-945975DA2DA8} = {53ABA7DF-B4AE-4E9B-A616-AB3BB439283E}
		{80653140-7BAB-4A50-AF19-8D11E8DA7375} = {53ABA7DF-B4AE-4E9B-A616-AB3BB439283E}
		{D3314606-4F54-4122-B19A-A8639950F74C} = {53ABA7DF-B4AE-4E9B-A616-AB3BB439283E}
		{D87A34DC-2473-405D-B741-DF3B166E64CD} = {53ABA7DF-B4AE-4E9B-A616-AB3BB439283E}
		{40AEE258-9E06-414E-9215-13775AAA7FAA} = {53ABA7DF-B4AE-4E9B-A616-AB3BB439283E}
		{A7C1F96A-67B3-482A-B1C0-826C89FB84D9} = {53ABA7DF-B4AE-4E9B-A616-AB3BB439283E}
	EndGlobalSection
EndGlobal
