
Microsoft Visual Studio Solution File, Format Version 12.00
# Visual Studio 2012
Project("{2150E333-8FDC-42A3-9474-1A3956D46DE8}") = "FusionSamples", "FusionSamples", "{53ABA7DF-B4AE-4E9B-A616-AB3BB439283E}"
EndProject
Project("{FAE04EC0-301F-11D3-BF4B-00C04F79EFBC}") = "QuadDemo", "QuadDemo\QuadDemo.csproj", "{10ACDD8E-DD8F-4CCD-82F1-3BC78A70CE45}"
EndProject
Project("{FAE04EC0-301F-11D3-BF4B-00C04F79EFBC}") = "InstancingDemo", "InstancingDemo\InstancingDemo.csproj", "{7E8D0844-256B-4769-A6E3-BC57C8E1B9E5}"
EndProject
Project("{FAE04EC0-301F-11D3-BF4B-00C04F79EFBC}") = "SpriteDemo", "SpriteDemo\SpriteDemo.csproj", "{875285F7-3861-4417-BDBF-8AAD80775BB7}"
EndProject
Project("{FAE04EC0-301F-11D3-BF4B-00C04F79EFBC}") = "InputDemo", "InputDemo\InputDemo.csproj", "{F8AAEA8C-1CD1-467A-A6B6-F799F242A92B}"
EndProject
Project("{FAE04EC0-301F-11D3-BF4B-00C04F79EFBC}") = "SoundDemo", "SoundDemo\SoundDemo.csproj", "{1D36BA25-DD97-452E-AE1B-78D147397AC8}"
EndProject
Project("{FAE04EC0-301F-11D3-BF4B-00C04F79EFBC}") = "SceneDemo", "SceneDemo\SceneDemo.csproj", "{15C1D397-D459-45F1-B97B-4DDA606C1251}"
EndProject
Project("{FAE04EC0-301F-11D3-BF4B-00C04F79EFBC}") = "DescriptorDemo", "DescriptorDemo\DescriptorDemo.csproj", "{015702FB-52AA-40AB-8127-CD5A223F3A84}"
EndProject
Project("{FAE04EC0-301F-11D3-BF4B-00C04F79EFBC}") = "ComputeDemo", "ComputeDemo\ComputeDemo.csproj", "{EA0CB5B3-3F7E-43D0-87E5-FB8186D7F39D}"
EndProject
Project("{FAE04EC0-301F-11D3-BF4B-00C04F79EFBC}") = "AnimationDemo", "AnimationDemo\AnimationDemo.csproj", "{B241CF4A-1C0E-45A2-8750-945975DA2DA8}"
EndProject
Project("{FAE04EC0-301F-11D3-BF4B-00C04F79EFBC}") = "DeferredDemo", "DeferredDemo\DeferredDemo.csproj", "{4AB51138-3A32-439B-877E-C1C0DDA814DD}"
EndProject
Project("{FAE04EC0-301F-11D3-BF4B-00C04F79EFBC}") = "InstancingDemo2", "InstancingDemo2\InstancingDemo2.csproj", "{D3314606-4F54-4122-B19A-A8639950F74C}"
EndProject
Project("{FAE04EC0-301F-11D3-BF4B-00C04F79EFBC}") = "ParticleDemoCS", "ParticleDemo\ParticleDemoCS.csproj", "{83E8CFA2-655D-42A5-93F0-EEC7A6BA21F6}"
EndProject
Project("{FAE04EC0-301F-11D3-BF4B-00C04F79EFBC}") = "ParticleDemoGS", "ParticleDemo2\ParticleDemoGS.csproj", "{D87A34DC-2473-405D-B741-DF3B166E64CD}"
EndProject
Project("{FAE04EC0-301F-11D3-BF4B-00C04F79EFBC}") = "SkinningDemo", "SkinningDemo\SkinningDemo.csproj", "{80653140-7BAB-4A50-AF19-8D11E8DA7375}"
EndProject
Global
	GlobalSection(SolutionConfigurationPlatforms) = preSolution
		Debug|x64 = Debug|x64
		Release|x64 = Release|x64
	EndGlobalSection
	GlobalSection(ProjectConfigurationPlatforms) = postSolution
		{10ACDD8E-DD8F-4CCD-82F1-3BC78A70CE45}.Debug|x64.ActiveCfg = Debug|x64
		{10ACDD8E-DD8F-4CCD-82F1-3BC78A70CE45}.Debug|x64.Build.0 = Debug|x64
		{10ACDD8E-DD8F-4CCD-82F1-3BC78A70CE45}.Release|x64.ActiveCfg = Release|x64
		{10ACDD8E-DD8F-4CCD-82F1-3BC78A70CE45}.Release|x64.Build.0 = Release|x64
		{7E8D0844-256B-4769-A6E3-BC57C8E1B9E5}.Debug|x64.ActiveCfg = Debug|x64
		{7E8D0844-256B-4769-A6E3-BC57C8E1B9E5}.Debug|x64.Build.0 = Debug|x64
		{7E8D0844-256B-4769-A6E3-BC57C8E1B9E5}.Release|x64.ActiveCfg = Release|x64
		{7E8D0844-256B-4769-A6E3-BC57C8E1B9E5}.Release|x64.Build.0 = Release|x64
		{875285F7-3861-4417-BDBF-8AAD80775BB7}.Debug|x64.ActiveCfg = Debug|x64
		{875285F7-3861-4417-BDBF-8AAD80775BB7}.Debug|x64.Build.0 = Debug|x64
		{875285F7-3861-4417-BDBF-8AAD80775BB7}.Release|x64.ActiveCfg = Release|x64
		{875285F7-3861-4417-BDBF-8AAD80775BB7}.Release|x64.Build.0 = Release|x64
		{F8AAEA8C-1CD1-467A-A6B6-F799F242A92B}.Debug|x64.ActiveCfg = Debug|x64
		{F8AAEA8C-1CD1-467A-A6B6-F799F242A92B}.Debug|x64.Build.0 = Debug|x64
		{F8AAEA8C-1CD1-467A-A6B6-F799F242A92B}.Release|x64.ActiveCfg = Release|x64
		{F8AAEA8C-1CD1-467A-A6B6-F799F242A92B}.Release|x64.Build.0 = Release|x64
		{1D36BA25-DD97-452E-AE1B-78D147397AC8}.Debug|x64.ActiveCfg = Debug|x64
		{1D36BA25-DD97-452E-AE1B-78D147397AC8}.Debug|x64.Build.0 = Debug|x64
		{1D36BA25-DD97-452E-AE1B-78D147397AC8}.Release|x64.ActiveCfg = Release|x64
		{1D36BA25-DD97-452E-AE1B-78D147397AC8}.Release|x64.Build.0 = Release|x64
		{15C1D397-D459-45F1-B97B-4DDA606C1251}.Debug|x64.ActiveCfg = Debug|x64
		{15C1D397-D459-45F1-B97B-4DDA606C1251}.Debug|x64.Build.0 = Debug|x64
		{15C1D397-D459-45F1-B97B-4DDA606C1251}.Release|x64.ActiveCfg = Release|x64
		{15C1D397-D459-45F1-B97B-4DDA606C1251}.Release|x64.Build.0 = Release|x64
		{015702FB-52AA-40AB-8127-CD5A223F3A84}.Debug|x64.ActiveCfg = Debug|x64
		{015702FB-52AA-40AB-8127-CD5A223F3A84}.Debug|x64.Build.0 = Debug|x64
		{015702FB-52AA-40AB-8127-CD5A223F3A84}.Release|x64.ActiveCfg = Release|x64
		{015702FB-52AA-40AB-8127-CD5A223F3A84}.Release|x64.Build.0 = Release|x64
		{EA0CB5B3-3F7E-43D0-87E5-FB8186D7F39D}.Debug|x64.ActiveCfg = Debug|x64
		{EA0CB5B3-3F7E-43D0-87E5-FB8186D7F39D}.Debug|x64.Build.0 = Debug|x64
		{EA0CB5B3-3F7E-43D0-87E5-FB8186D7F39D}.Release|x64.ActiveCfg = Release|x64
		{EA0CB5B3-3F7E-43D0-87E5-FB8186D7F39D}.Release|x64.Build.0 = Release|x64
		{B241CF4A-1C0E-45A2-8750-945975DA2DA8}.Debug|x64.ActiveCfg = Debug|x64
		{B241CF4A-1C0E-45A2-8750-945975DA2DA8}.Debug|x64.Build.0 = Debug|x64
		{B241CF4A-1C0E-45A2-8750-945975DA2DA8}.Release|x64.ActiveCfg = Release|x64
		{B241CF4A-1C0E-45A2-8750-945975DA2DA8}.Release|x64.Build.0 = Release|x64
		{4AB51138-3A32-439B-877E-C1C0DDA814DD}.Debug|x64.ActiveCfg = Debug|x64
		{4AB51138-3A32-439B-877E-C1C0DDA814DD}.Debug|x64.Build.0 = Debug|x64
		{4AB51138-3A32-439B-877E-C1C0DDA814DD}.Release|x64.ActiveCfg = Release|x64
		{4AB51138-3A32-439B-877E-C1C0DDA814DD}.Release|x64.Build.0 = Release|x64
		{D3314606-4F54-4122-B19A-A8639950F74C}.Debug|x64.ActiveCfg = Debug|x64
		{D3314606-4F54-4122-B19A-A8639950F74C}.Debug|x64.Build.0 = Debug|x64
		{D3314606-4F54-4122-B19A-A8639950F74C}.Release|x64.ActiveCfg = Release|x64
		{D3314606-4F54-4122-B19A-A8639950F74C}.Release|x64.Build.0 = Release|x64
		{83E8CFA2-655D-42A5-93F0-EEC7A6BA21F6}.Debug|x64.ActiveCfg = Debug|x64
		{83E8CFA2-655D-42A5-93F0-EEC7A6BA21F6}.Debug|x64.Build.0 = Debug|x64
		{83E8CFA2-655D-42A5-93F0-EEC7A6BA21F6}.Release|x64.ActiveCfg = Release|x64
		{83E8CFA2-655D-42A5-93F0-EEC7A6BA21F6}.Release|x64.Build.0 = Release|x64
		{D87A34DC-2473-405D-B741-DF3B166E64CD}.Debug|x64.ActiveCfg = Debug|x64
		{D87A34DC-2473-405D-B741-DF3B166E64CD}.Debug|x64.Build.0 = Debug|x64
		{D87A34DC-2473-405D-B741-DF3B166E64CD}.Release|x64.ActiveCfg = Release|x64
		{D87A34DC-2473-405D-B741-DF3B166E64CD}.Release|x64.Build.0 = Release|x64
		{80653140-7BAB-4A50-AF19-8D11E8DA7375}.Debug|x64.ActiveCfg = Debug|x64
		{80653140-7BAB-4A50-AF19-8D11E8DA7375}.Debug|x64.Build.0 = Debug|x64
		{80653140-7BAB-4A50-AF19-8D11E8DA7375}.Release|x64.ActiveCfg = Release|x64
		{80653140-7BAB-4A50-AF19-8D11E8DA7375}.Release|x64.Build.0 = Release|x64
	EndGlobalSection
	GlobalSection(SolutionProperties) = preSolution
		HideSolutionNode = FALSE
	EndGlobalSection
	GlobalSection(NestedProjects) = preSolution
		{10ACDD8E-DD8F-4CCD-82F1-3BC78A70CE45} = {53ABA7DF-B4AE-4E9B-A616-AB3BB439283E}
		{7E8D0844-256B-4769-A6E3-BC57C8E1B9E5} = {53ABA7DF-B4AE-4E9B-A616-AB3BB439283E}
		{875285F7-3861-4417-BDBF-8AAD80775BB7} = {53ABA7DF-B4AE-4E9B-A616-AB3BB439283E}
		{F8AAEA8C-1CD1-467A-A6B6-F799F242A92B} = {53ABA7DF-B4AE-4E9B-A616-AB3BB439283E}
		{1D36BA25-DD97-452E-AE1B-78D147397AC8} = {53ABA7DF-B4AE-4E9B-A616-AB3BB439283E}
		{15C1D397-D459-45F1-B97B-4DDA606C1251} = {53ABA7DF-B4AE-4E9B-A616-AB3BB439283E}
		{015702FB-52AA-40AB-8127-CD5A223F3A84} = {53ABA7DF-B4AE-4E9B-A616-AB3BB439283E}
		{EA0CB5B3-3F7E-43D0-87E5-FB8186D7F39D} = {53ABA7DF-B4AE-4E9B-A616-AB3BB439283E}
		{B241CF4A-1C0E-45A2-8750-945975DA2DA8} = {53ABA7DF-B4AE-4E9B-A616-AB3BB439283E}
		{4AB51138-3A32-439B-877E-C1C0DDA814DD} = {53ABA7DF-B4AE-4E9B-A616-AB3BB439283E}
		{D3314606-4F54-4122-B19A-A8639950F74C} = {53ABA7DF-B4AE-4E9B-A616-AB3BB439283E}
		{83E8CFA2-655D-42A5-93F0-EEC7A6BA21F6} = {53ABA7DF-B4AE-4E9B-A616-AB3BB439283E}
		{D87A34DC-2473-405D-B741-DF3B166E64CD} = {53ABA7DF-B4AE-4E9B-A616-AB3BB439283E}
		{80653140-7BAB-4A50-AF19-8D11E8DA7375} = {53ABA7DF-B4AE-4E9B-A616-AB3BB439283E}
	EndGlobalSection
EndGlobal
