
Microsoft Visual Studio Solution File, Format Version 12.00
# Visual Studio 2012
Project("{FAE04EC0-301F-11D3-BF4B-00C04F79EFBC}") = "FusionTemplate", "FusionTemplate\FusionTemplate.csproj", "{A9E87BDC-8FB2-4E35-84D6-9BEBBC8BAAD3}"
EndProject
Global
	GlobalSection(SolutionConfigurationPlatforms) = preSolution
		Debug|Any CPU = Debug|Any CPU
		Release|Any CPU = Release|Any CPU
	EndGlobalSection
	GlobalSection(ProjectConfigurationPlatforms) = postSolution
		{A9E87BDC-8FB2-4E35-84D6-9BEBBC8BAAD3}.Debug|Any CPU.ActiveCfg = Debug|Any CPU
		{A9E87BDC-8FB2-4E35-84D6-9BEBBC8BAAD3}.Debug|Any CPU.Build.0 = Debug|Any CPU
		{A9E87BDC-8FB2-4E35-84D6-9BEBBC8BAAD3}.Release|Any CPU.ActiveCfg = Release|Any CPU
		{A9E87BDC-8FB2-4E35-84D6-9BEBBC8BAAD3}.Release|Any CPU.Build.0 = Release|Any CPU
	EndGlobalSection
	GlobalSection(SolutionProperties) = preSolution
		HideSolutionNode = FALSE
	EndGlobalSection
EndGlobal
